// !$*UTF8*$!
{
	archiveVersion = 1;
	classes = {
	};
	objectVersion = 46;
	objects = {

/* Begin PBXBuildFile section */
		49126742187D7CC4001F66A5 /* Settings.bundle in Resources */ = {isa = PBXBuildFile; fileRef = 49126741187D7CC4001F66A5 /* Settings.bundle */; };
		49852AF417CE2A4F0086089A /* CoreMotion.framework in Frameworks */ = {isa = PBXBuildFile; fileRef = 49852AF317CE2A4F0086089A /* CoreMotion.framework */; };
		499122BD188D51D100643FFE /* ALRangingViewController.m in Sources */ = {isa = PBXBuildFile; fileRef = 499122BC188D51D100643FFE /* ALRangingViewController.m */; };
		499122C0188D5FD600643FFE /* ALDefaults.m in Sources */ = {isa = PBXBuildFile; fileRef = 499122BF188D5FD600643FFE /* ALDefaults.m */; };
		499997621874F38E00D3A605 /* iAd.framework in Frameworks */ = {isa = PBXBuildFile; fileRef = 499997611874F38D00D3A605 /* iAd.framework */; };
		499997651874F92900D3A605 /* DDMainViewController.m in Sources */ = {isa = PBXBuildFile; fileRef = 499997641874F92900D3A605 /* DDMainViewController.m */; };
		49CE10B4187668B00020031C /* (null) in Frameworks */ = {isa = PBXBuildFile; };
		49CE10E718766DE20020031C /* Foundation.framework in Frameworks */ = {isa = PBXBuildFile; fileRef = E137D18217CAF03D0001A6CF /* Foundation.framework */; };
		49CE10EA1876734B0020031C /* (null) in Frameworks */ = {isa = PBXBuildFile; };
		49CE10EB187673530020031C /* (null) in Frameworks */ = {isa = PBXBuildFile; };
		49E7D88818895EEE0096C450 /* iPhone 57.png in Resources */ = {isa = PBXBuildFile; fileRef = 49E7D88618895EEE0096C450 /* iPhone 57.png */; };
		49E7D88918895EEE0096C450 /* iPhone 57@2x.png in Resources */ = {isa = PBXBuildFile; fileRef = 49E7D88718895EEE0096C450 /* iPhone 57@2x.png */; };
		49E7D88C188960B50096C450 /* iPhone 120.png in Resources */ = {isa = PBXBuildFile; fileRef = 49E7D88A188960B50096C450 /* iPhone 120.png */; };
		49E7D88D188960B50096C450 /* iPhone 120@2x.png in Resources */ = {isa = PBXBuildFile; fileRef = 49E7D88B188960B50096C450 /* iPhone 120@2x.png */; };
		E137D18117CAF03D0001A6CF /* UIKit.framework in Frameworks */ = {isa = PBXBuildFile; fileRef = E137D18017CAF03D0001A6CF /* UIKit.framework */; };
		E137D18517CAF03D0001A6CF /* CoreGraphics.framework in Frameworks */ = {isa = PBXBuildFile; fileRef = E137D18417CAF03D0001A6CF /* CoreGraphics.framework */; };
		E137D18B17CAF03D0001A6CF /* InfoPlist.strings in Resources */ = {isa = PBXBuildFile; fileRef = E137D18917CAF03D0001A6CF /* InfoPlist.strings */; };
		E137D18D17CAF03D0001A6CF /* main.m in Sources */ = {isa = PBXBuildFile; fileRef = E137D18C17CAF03D0001A6CF /* main.m */; };
		E137D19117CAF03D0001A6CF /* DDAppDelegate.m in Sources */ = {isa = PBXBuildFile; fileRef = E137D19017CAF03D0001A6CF /* DDAppDelegate.m */; };
		E137D19317CAF03D0001A6CF /* Default.png in Resources */ = {isa = PBXBuildFile; fileRef = E137D19217CAF03D0001A6CF /* Default.png */; };
		E137D19517CAF03D0001A6CF /* Default@2x.png in Resources */ = {isa = PBXBuildFile; fileRef = E137D19417CAF03D0001A6CF /* Default@2x.png */; };
		E137D19717CAF03D0001A6CF /* Default-568h@2x.png in Resources */ = {isa = PBXBuildFile; fileRef = E137D19617CAF03D0001A6CF /* Default-568h@2x.png */; };
		E137D19A17CAF03D0001A6CF /* MainStoryboard.storyboard in Resources */ = {isa = PBXBuildFile; fileRef = E137D19817CAF03D0001A6CF /* MainStoryboard.storyboard */; };
		E137D19D17CAF03D0001A6CF /* DDViewController.m in Sources */ = {isa = PBXBuildFile; fileRef = E137D19C17CAF03D0001A6CF /* DDViewController.m */; };
		E137D1A517CAF03D0001A6CF /* SenTestingKit.framework in Frameworks */ = {isa = PBXBuildFile; fileRef = E137D1A417CAF03D0001A6CF /* SenTestingKit.framework */; };
		E137D1A617CAF03D0001A6CF /* UIKit.framework in Frameworks */ = {isa = PBXBuildFile; fileRef = E137D18017CAF03D0001A6CF /* UIKit.framework */; };
		E137D1A717CAF03D0001A6CF /* Foundation.framework in Frameworks */ = {isa = PBXBuildFile; fileRef = E137D18217CAF03D0001A6CF /* Foundation.framework */; };
		E137D1AF17CAF03D0001A6CF /* InfoPlist.strings in Resources */ = {isa = PBXBuildFile; fileRef = E137D1AD17CAF03D0001A6CF /* InfoPlist.strings */; };
		E137D1B217CAF03D0001A6CF /* Device_DetailsTests.m in Sources */ = {isa = PBXBuildFile; fileRef = E137D1B117CAF03D0001A6CF /* Device_DetailsTests.m */; };
		E137D1BC17CAFF770001A6CF /* SystemConfiguration.framework in Frameworks */ = {isa = PBXBuildFile; fileRef = E137D1BB17CAFF770001A6CF /* SystemConfiguration.framework */; };
		E137D1F917CB00D10001A6CF /* Reachability.m in Sources */ = {isa = PBXBuildFile; fileRef = E137D1F817CB00D10001A6CF /* Reachability.m */; };
		E137D1FF17CDB49E0001A6CF /* CoreLocation.framework in Frameworks */ = {isa = PBXBuildFile; fileRef = E137D1FE17CDB49E0001A6CF /* CoreLocation.framework */; };
		E1B8B0871888B20900A20509 /* iPad 29.png in Resources */ = {isa = PBXBuildFile; fileRef = E1B8B0731888B20900A20509 /* iPad 29.png */; };
		E1B8B0881888B20900A20509 /* iPad 29@2x.png in Resources */ = {isa = PBXBuildFile; fileRef = E1B8B0741888B20900A20509 /* iPad 29@2x.png */; };
		E1B8B0891888B20900A20509 /* iPad 40.png in Resources */ = {isa = PBXBuildFile; fileRef = E1B8B0751888B20900A20509 /* iPad 40.png */; };
		E1B8B08A1888B20900A20509 /* iPad 40@2x.png in Resources */ = {isa = PBXBuildFile; fileRef = E1B8B0761888B20900A20509 /* iPad 40@2x.png */; };
		E1B8B08B1888B20900A20509 /* iPad 76.png in Resources */ = {isa = PBXBuildFile; fileRef = E1B8B0771888B20900A20509 /* iPad 76.png */; };
		E1B8B08C1888B20900A20509 /* iPad 76@2x.png in Resources */ = {isa = PBXBuildFile; fileRef = E1B8B0781888B20900A20509 /* iPad 76@2x.png */; };
		E1B8B08D1888B20900A20509 /* iPhone 29@2x.png in Resources */ = {isa = PBXBuildFile; fileRef = E1B8B0791888B20900A20509 /* iPhone 29@2x.png */; };
		E1B8B08E1888B20900A20509 /* iPhone 40@2x.png in Resources */ = {isa = PBXBuildFile; fileRef = E1B8B07A1888B20900A20509 /* iPhone 40@2x.png */; };
		E1B8B08F1888B20900A20509 /* iPhone 60@2x.png in Resources */ = {isa = PBXBuildFile; fileRef = E1B8B07B1888B20900A20509 /* iPhone 60@2x.png */; };
		E1B8B0901888B20900A20509 /* Icon-72.png in Resources */ = {isa = PBXBuildFile; fileRef = E1B8B07C1888B20900A20509 /* Icon-72.png */; };
		E1B8B0911888B20900A20509 /* Icon-72@2x.png in Resources */ = {isa = PBXBuildFile; fileRef = E1B8B07D1888B20900A20509 /* Icon-72@2x.png */; };
		E1B8B0921888B20900A20509 /* Icon-Small-50.png in Resources */ = {isa = PBXBuildFile; fileRef = E1B8B07E1888B20900A20509 /* Icon-Small-50.png */; };
		E1B8B0931888B20900A20509 /* Icon-Small-50@2x.png in Resources */ = {isa = PBXBuildFile; fileRef = E1B8B07F1888B20900A20509 /* Icon-Small-50@2x.png */; };
		E1B8B0941888B20900A20509 /* Icon-Small.png in Resources */ = {isa = PBXBuildFile; fileRef = E1B8B0801888B20900A20509 /* Icon-Small.png */; };
		E1B8B0951888B20900A20509 /* Icon-Small@2x.png in Resources */ = {isa = PBXBuildFile; fileRef = E1B8B0811888B20900A20509 /* Icon-Small@2x.png */; };
		E1B8B0961888B20900A20509 /* Icon.png in Resources */ = {isa = PBXBuildFile; fileRef = E1B8B0821888B20900A20509 /* Icon.png */; };
		E1B8B0971888B20900A20509 /* Icon@2x.png in Resources */ = {isa = PBXBuildFile; fileRef = E1B8B0831888B20900A20509 /* Icon@2x.png */; };
		E1B8B0981888B20900A20509 /* iTunesArtwork in Resources */ = {isa = PBXBuildFile; fileRef = E1B8B0841888B20900A20509 /* iTunesArtwork */; };
		E1B8B0991888B20900A20509 /* iTunesArtwork@2x in Resources */ = {isa = PBXBuildFile; fileRef = E1B8B0851888B20900A20509 /* iTunesArtwork@2x */; };
		E1B8B09A1888B20900A20509 /* Sign Info.png in Resources */ = {isa = PBXBuildFile; fileRef = E1B8B0861888B20900A20509 /* Sign Info.png */; };
		E1B9F8F217D470EC0089CE9D /* MapKit.framework in Frameworks */ = {isa = PBXBuildFile; fileRef = E1B9F8F117D470EC0089CE9D /* MapKit.framework */; };
		E1D1D26F1835AA130007E301 /* BBDecibelMeter.m in Sources */ = {isa = PBXBuildFile; fileRef = E1D1D26C1835AA130007E301 /* BBDecibelMeter.m */; };
		E1D1D2701835AA130007E301 /* F3BarGauge.m in Sources */ = {isa = PBXBuildFile; fileRef = E1D1D26E1835AA130007E301 /* F3BarGauge.m */; };
		E1D1D2721835AA650007E301 /* AVFoundation.framework in Frameworks */ = {isa = PBXBuildFile; fileRef = E1D1D2711835AA650007E301 /* AVFoundation.framework */; };
/* End PBXBuildFile section */

/* Begin PBXContainerItemProxy section */
		E137D1A817CAF03D0001A6CF /* PBXContainerItemProxy */ = {
			isa = PBXContainerItemProxy;
			containerPortal = E137D17517CAF03D0001A6CF /* Project object */;
			proxyType = 1;
			remoteGlobalIDString = E137D17C17CAF03D0001A6CF;
			remoteInfo = "Device Details";
		};
/* End PBXContainerItemProxy section */

/* Begin PBXFileReference section */
		4912672C187CF215001F66A5 /* Images.xcassets */ = {isa = PBXFileReference; lastKnownFileType = folder.assetcatalog; name = Images.xcassets; path = Details/Images.xcassets; sourceTree = "<group>"; };
		49126741187D7CC4001F66A5 /* Settings.bundle */ = {isa = PBXFileReference; lastKnownFileType = "wrapper.plug-in"; path = Settings.bundle; sourceTree = "<group>"; };
		49852AF317CE2A4F0086089A /* CoreMotion.framework */ = {isa = PBXFileReference; lastKnownFileType = wrapper.framework; name = CoreMotion.framework; path = System/Library/Frameworks/CoreMotion.framework; sourceTree = SDKROOT; };
		499122BB188D51D100643FFE /* ALRangingViewController.h */ = {isa = PBXFileReference; fileEncoding = 4; lastKnownFileType = sourcecode.c.h; path = ALRangingViewController.h; sourceTree = "<group>"; };
		499122BC188D51D100643FFE /* ALRangingViewController.m */ = {isa = PBXFileReference; fileEncoding = 4; lastKnownFileType = sourcecode.c.objc; path = ALRangingViewController.m; sourceTree = "<group>"; };
		499122BE188D5FD600643FFE /* ALDefaults.h */ = {isa = PBXFileReference; fileEncoding = 4; lastKnownFileType = sourcecode.c.h; path = ALDefaults.h; sourceTree = "<group>"; };
		499122BF188D5FD600643FFE /* ALDefaults.m */ = {isa = PBXFileReference; fileEncoding = 4; lastKnownFileType = sourcecode.c.objc; path = ALDefaults.m; sourceTree = "<group>"; };
		499997611874F38D00D3A605 /* iAd.framework */ = {isa = PBXFileReference; lastKnownFileType = wrapper.framework; name = iAd.framework; path = System/Library/Frameworks/iAd.framework; sourceTree = SDKROOT; };
		499997631874F92900D3A605 /* DDMainViewController.h */ = {isa = PBXFileReference; fileEncoding = 4; lastKnownFileType = sourcecode.c.h; path = DDMainViewController.h; sourceTree = "<group>"; };
		499997641874F92900D3A605 /* DDMainViewController.m */ = {isa = PBXFileReference; fileEncoding = 4; lastKnownFileType = sourcecode.c.objc; path = DDMainViewController.m; sourceTree = "<group>"; };
		49E7D88618895EEE0096C450 /* iPhone 57.png */ = {isa = PBXFileReference; lastKnownFileType = image.png; name = "iPhone 57.png"; path = "Artworks/iPhone 57.png"; sourceTree = "<group>"; };
		49E7D88718895EEE0096C450 /* iPhone 57@2x.png */ = {isa = PBXFileReference; lastKnownFileType = image.png; name = "iPhone 57@2x.png"; path = "Artworks/iPhone 57@2x.png"; sourceTree = "<group>"; };
		49E7D88A188960B50096C450 /* iPhone 120.png */ = {isa = PBXFileReference; lastKnownFileType = image.png; name = "iPhone 120.png"; path = "Artworks/iPhone 120.png"; sourceTree = "<group>"; };
		49E7D88B188960B50096C450 /* iPhone 120@2x.png */ = {isa = PBXFileReference; lastKnownFileType = image.png; name = "iPhone 120@2x.png"; path = "Artworks/iPhone 120@2x.png"; sourceTree = "<group>"; };
		E137D17D17CAF03D0001A6CF /* Details.app */ = {isa = PBXFileReference; explicitFileType = wrapper.application; includeInIndex = 0; path = Details.app; sourceTree = BUILT_PRODUCTS_DIR; };
		E137D18017CAF03D0001A6CF /* UIKit.framework */ = {isa = PBXFileReference; lastKnownFileType = wrapper.framework; name = UIKit.framework; path = System/Library/Frameworks/UIKit.framework; sourceTree = SDKROOT; };
		E137D18217CAF03D0001A6CF /* Foundation.framework */ = {isa = PBXFileReference; lastKnownFileType = wrapper.framework; name = Foundation.framework; path = System/Library/Frameworks/Foundation.framework; sourceTree = SDKROOT; };
		E137D18417CAF03D0001A6CF /* CoreGraphics.framework */ = {isa = PBXFileReference; lastKnownFileType = wrapper.framework; name = CoreGraphics.framework; path = System/Library/Frameworks/CoreGraphics.framework; sourceTree = SDKROOT; };
		E137D18817CAF03D0001A6CF /* Device Details-Info.plist */ = {isa = PBXFileReference; lastKnownFileType = text.plist.xml; path = "Device Details-Info.plist"; sourceTree = "<group>"; };
		E137D18A17CAF03D0001A6CF /* en */ = {isa = PBXFileReference; lastKnownFileType = text.plist.strings; name = en; path = en.lproj/InfoPlist.strings; sourceTree = "<group>"; };
		E137D18C17CAF03D0001A6CF /* main.m */ = {isa = PBXFileReference; lastKnownFileType = sourcecode.c.objc; path = main.m; sourceTree = "<group>"; };
		E137D18E17CAF03D0001A6CF /* Device Details-Prefix.pch */ = {isa = PBXFileReference; lastKnownFileType = sourcecode.c.h; path = "Device Details-Prefix.pch"; sourceTree = "<group>"; };
		E137D18F17CAF03D0001A6CF /* DDAppDelegate.h */ = {isa = PBXFileReference; lastKnownFileType = sourcecode.c.h; path = DDAppDelegate.h; sourceTree = "<group>"; };
		E137D19017CAF03D0001A6CF /* DDAppDelegate.m */ = {isa = PBXFileReference; lastKnownFileType = sourcecode.c.objc; path = DDAppDelegate.m; sourceTree = "<group>"; };
		E137D19217CAF03D0001A6CF /* Default.png */ = {isa = PBXFileReference; lastKnownFileType = image.png; path = Default.png; sourceTree = "<group>"; };
		E137D19417CAF03D0001A6CF /* Default@2x.png */ = {isa = PBXFileReference; lastKnownFileType = image.png; path = "Default@2x.png"; sourceTree = "<group>"; };
		E137D19617CAF03D0001A6CF /* Default-568h@2x.png */ = {isa = PBXFileReference; lastKnownFileType = image.png; path = "Default-568h@2x.png"; sourceTree = "<group>"; };
		E137D19917CAF03D0001A6CF /* en */ = {isa = PBXFileReference; lastKnownFileType = file.storyboard; name = en; path = en.lproj/MainStoryboard.storyboard; sourceTree = "<group>"; };
		E137D19B17CAF03D0001A6CF /* DDViewController.h */ = {isa = PBXFileReference; lastKnownFileType = sourcecode.c.h; path = DDViewController.h; sourceTree = "<group>"; };
		E137D19C17CAF03D0001A6CF /* DDViewController.m */ = {isa = PBXFileReference; lastKnownFileType = sourcecode.c.objc; path = DDViewController.m; sourceTree = "<group>"; };
		E137D1A317CAF03D0001A6CF /* Device DetailsTests.octest */ = {isa = PBXFileReference; explicitFileType = wrapper.cfbundle; includeInIndex = 0; path = "Device DetailsTests.octest"; sourceTree = BUILT_PRODUCTS_DIR; };
		E137D1A417CAF03D0001A6CF /* SenTestingKit.framework */ = {isa = PBXFileReference; lastKnownFileType = wrapper.framework; name = SenTestingKit.framework; path = Library/Frameworks/SenTestingKit.framework; sourceTree = DEVELOPER_DIR; };
		E137D1AC17CAF03D0001A6CF /* Device DetailsTests-Info.plist */ = {isa = PBXFileReference; lastKnownFileType = text.plist.xml; path = "Device DetailsTests-Info.plist"; sourceTree = "<group>"; };
		E137D1AE17CAF03D0001A6CF /* en */ = {isa = PBXFileReference; lastKnownFileType = text.plist.strings; name = en; path = en.lproj/InfoPlist.strings; sourceTree = "<group>"; };
		E137D1B017CAF03D0001A6CF /* Device_DetailsTests.h */ = {isa = PBXFileReference; lastKnownFileType = sourcecode.c.h; path = Device_DetailsTests.h; sourceTree = "<group>"; };
		E137D1B117CAF03D0001A6CF /* Device_DetailsTests.m */ = {isa = PBXFileReference; lastKnownFileType = sourcecode.c.objc; path = Device_DetailsTests.m; sourceTree = "<group>"; };
		E137D1BB17CAFF770001A6CF /* SystemConfiguration.framework */ = {isa = PBXFileReference; lastKnownFileType = wrapper.framework; name = SystemConfiguration.framework; path = System/Library/Frameworks/SystemConfiguration.framework; sourceTree = SDKROOT; };
		E137D1F717CB00D10001A6CF /* Reachability.h */ = {isa = PBXFileReference; fileEncoding = 4; lastKnownFileType = sourcecode.c.h; path = Reachability.h; sourceTree = "<group>"; };
		E137D1F817CB00D10001A6CF /* Reachability.m */ = {isa = PBXFileReference; fileEncoding = 4; lastKnownFileType = sourcecode.c.objc; path = Reachability.m; sourceTree = "<group>"; };
		E137D1FE17CDB49E0001A6CF /* CoreLocation.framework */ = {isa = PBXFileReference; lastKnownFileType = wrapper.framework; name = CoreLocation.framework; path = System/Library/Frameworks/CoreLocation.framework; sourceTree = SDKROOT; };
		E1B8B0731888B20900A20509 /* iPad 29.png */ = {isa = PBXFileReference; lastKnownFileType = image.png; name = "iPad 29.png"; path = "Artworks/iPad 29.png"; sourceTree = "<group>"; };
		E1B8B0741888B20900A20509 /* iPad 29@2x.png */ = {isa = PBXFileReference; lastKnownFileType = image.png; name = "iPad 29@2x.png"; path = "Artworks/iPad 29@2x.png"; sourceTree = "<group>"; };
		E1B8B0751888B20900A20509 /* iPad 40.png */ = {isa = PBXFileReference; lastKnownFileType = image.png; name = "iPad 40.png"; path = "Artworks/iPad 40.png"; sourceTree = "<group>"; };
		E1B8B0761888B20900A20509 /* iPad 40@2x.png */ = {isa = PBXFileReference; lastKnownFileType = image.png; name = "iPad 40@2x.png"; path = "Artworks/iPad 40@2x.png"; sourceTree = "<group>"; };
		E1B8B0771888B20900A20509 /* iPad 76.png */ = {isa = PBXFileReference; lastKnownFileType = image.png; name = "iPad 76.png"; path = "Artworks/iPad 76.png"; sourceTree = "<group>"; };
		E1B8B0781888B20900A20509 /* iPad 76@2x.png */ = {isa = PBXFileReference; lastKnownFileType = image.png; name = "iPad 76@2x.png"; path = "Artworks/iPad 76@2x.png"; sourceTree = "<group>"; };
		E1B8B0791888B20900A20509 /* iPhone 29@2x.png */ = {isa = PBXFileReference; lastKnownFileType = image.png; name = "iPhone 29@2x.png"; path = "Artworks/iPhone 29@2x.png"; sourceTree = "<group>"; };
		E1B8B07A1888B20900A20509 /* iPhone 40@2x.png */ = {isa = PBXFileReference; lastKnownFileType = image.png; name = "iPhone 40@2x.png"; path = "Artworks/iPhone 40@2x.png"; sourceTree = "<group>"; };
		E1B8B07B1888B20900A20509 /* iPhone 60@2x.png */ = {isa = PBXFileReference; lastKnownFileType = image.png; name = "iPhone 60@2x.png"; path = "Artworks/iPhone 60@2x.png"; sourceTree = "<group>"; };
		E1B8B07C1888B20900A20509 /* Icon-72.png */ = {isa = PBXFileReference; lastKnownFileType = image.png; name = "Icon-72.png"; path = "Artworks/Icon-72.png"; sourceTree = "<group>"; };
		E1B8B07D1888B20900A20509 /* Icon-72@2x.png */ = {isa = PBXFileReference; lastKnownFileType = image.png; name = "Icon-72@2x.png"; path = "Artworks/Icon-72@2x.png"; sourceTree = "<group>"; };
		E1B8B07E1888B20900A20509 /* Icon-Small-50.png */ = {isa = PBXFileReference; lastKnownFileType = image.png; name = "Icon-Small-50.png"; path = "Artworks/Icon-Small-50.png"; sourceTree = "<group>"; };
		E1B8B07F1888B20900A20509 /* Icon-Small-50@2x.png */ = {isa = PBXFileReference; lastKnownFileType = image.png; name = "Icon-Small-50@2x.png"; path = "Artworks/Icon-Small-50@2x.png"; sourceTree = "<group>"; };
		E1B8B0801888B20900A20509 /* Icon-Small.png */ = {isa = PBXFileReference; lastKnownFileType = image.png; name = "Icon-Small.png"; path = "Artworks/Icon-Small.png"; sourceTree = "<group>"; };
		E1B8B0811888B20900A20509 /* Icon-Small@2x.png */ = {isa = PBXFileReference; lastKnownFileType = image.png; name = "Icon-Small@2x.png"; path = "Artworks/Icon-Small@2x.png"; sourceTree = "<group>"; };
		E1B8B0821888B20900A20509 /* Icon.png */ = {isa = PBXFileReference; lastKnownFileType = image.png; name = Icon.png; path = Artworks/Icon.png; sourceTree = "<group>"; };
		E1B8B0831888B20900A20509 /* Icon@2x.png */ = {isa = PBXFileReference; lastKnownFileType = image.png; name = "Icon@2x.png"; path = "Artworks/Icon@2x.png"; sourceTree = "<group>"; };
		E1B8B0841888B20900A20509 /* iTunesArtwork */ = {isa = PBXFileReference; lastKnownFileType = file; name = iTunesArtwork; path = Artworks/iTunesArtwork; sourceTree = "<group>"; };
		E1B8B0851888B20900A20509 /* iTunesArtwork@2x */ = {isa = PBXFileReference; lastKnownFileType = file; name = "iTunesArtwork@2x"; path = "Artworks/iTunesArtwork@2x"; sourceTree = "<group>"; };
		E1B8B0861888B20900A20509 /* Sign Info.png */ = {isa = PBXFileReference; lastKnownFileType = image.png; name = "Sign Info.png"; path = "Artworks/Sign Info.png"; sourceTree = "<group>"; };
		E1B9F8F117D470EC0089CE9D /* MapKit.framework */ = {isa = PBXFileReference; lastKnownFileType = wrapper.framework; name = MapKit.framework; path = System/Library/Frameworks/MapKit.framework; sourceTree = SDKROOT; };
		E1D1D26B1835AA130007E301 /* BBDecibelMeter.h */ = {isa = PBXFileReference; fileEncoding = 4; lastKnownFileType = sourcecode.c.h; path = BBDecibelMeter.h; sourceTree = "<group>"; };
		E1D1D26C1835AA130007E301 /* BBDecibelMeter.m */ = {isa = PBXFileReference; fileEncoding = 4; lastKnownFileType = sourcecode.c.objc; path = BBDecibelMeter.m; sourceTree = "<group>"; };
		E1D1D26D1835AA130007E301 /* F3BarGauge.h */ = {isa = PBXFileReference; fileEncoding = 4; lastKnownFileType = sourcecode.c.h; path = F3BarGauge.h; sourceTree = "<group>"; };
		E1D1D26E1835AA130007E301 /* F3BarGauge.m */ = {isa = PBXFileReference; fileEncoding = 4; lastKnownFileType = sourcecode.c.objc; path = F3BarGauge.m; sourceTree = "<group>"; };
		E1D1D2711835AA650007E301 /* AVFoundation.framework */ = {isa = PBXFileReference; lastKnownFileType = wrapper.framework; name = AVFoundation.framework; path = System/Library/Frameworks/AVFoundation.framework; sourceTree = SDKROOT; };
		E1D96C8F1888BDB100DC6CF4 /* zh-Hans */ = {isa = PBXFileReference; lastKnownFileType = file.storyboard; name = "zh-Hans"; path = "zh-Hans.lproj/MainStoryboard.storyboard"; sourceTree = "<group>"; };
		E1D96C901888BDB100DC6CF4 /* zh-Hans */ = {isa = PBXFileReference; lastKnownFileType = text.plist.strings; name = "zh-Hans"; path = "zh-Hans.lproj/InfoPlist.strings"; sourceTree = "<group>"; };
		E1D96C911888BDB100DC6CF4 /* zh-Hans */ = {isa = PBXFileReference; lastKnownFileType = text.plist.strings; name = "zh-Hans"; path = "zh-Hans.lproj/InfoPlist.strings"; sourceTree = "<group>"; };
/* End PBXFileReference section */

/* Begin PBXFrameworksBuildPhase section */
		E137D17A17CAF03D0001A6CF /* Frameworks */ = {
			isa = PBXFrameworksBuildPhase;
			buildActionMask = 2147483647;
			files = (
				49CE10E718766DE20020031C /* Foundation.framework in Frameworks */,
				499997621874F38E00D3A605 /* iAd.framework in Frameworks */,
				E1D1D2721835AA650007E301 /* AVFoundation.framework in Frameworks */,
				E1B9F8F217D470EC0089CE9D /* MapKit.framework in Frameworks */,
				49852AF417CE2A4F0086089A /* CoreMotion.framework in Frameworks */,
				E137D1FF17CDB49E0001A6CF /* CoreLocation.framework in Frameworks */,
				E137D1BC17CAFF770001A6CF /* SystemConfiguration.framework in Frameworks */,
				E137D18117CAF03D0001A6CF /* UIKit.framework in Frameworks */,
				E137D18517CAF03D0001A6CF /* CoreGraphics.framework in Frameworks */,
			);
			runOnlyForDeploymentPostprocessing = 0;
		};
		E137D19F17CAF03D0001A6CF /* Frameworks */ = {
			isa = PBXFrameworksBuildPhase;
			buildActionMask = 2147483647;
			files = (
				E137D1A717CAF03D0001A6CF /* Foundation.framework in Frameworks */,
				49CE10EB187673530020031C /* (null) in Frameworks */,
				49CE10EA1876734B0020031C /* (null) in Frameworks */,
				49CE10B4187668B00020031C /* (null) in Frameworks */,
				E137D1A517CAF03D0001A6CF /* SenTestingKit.framework in Frameworks */,
				E137D1A617CAF03D0001A6CF /* UIKit.framework in Frameworks */,
			);
			runOnlyForDeploymentPostprocessing = 0;
		};
/* End PBXFrameworksBuildPhase section */

/* Begin PBXGroup section */
		E137D17417CAF03D0001A6CF = {
			isa = PBXGroup;
			children = (
				4912672C187CF215001F66A5 /* Images.xcassets */,
				E1E2748D1886468B00B25D84 /* Sources */,
				E137D18617CAF03D0001A6CF /* Device Details */,
				E137D1AA17CAF03D0001A6CF /* Device DetailsTests */,
				E137D17F17CAF03D0001A6CF /* Frameworks */,
				E137D17E17CAF03D0001A6CF /* Products */,
			);
			sourceTree = "<group>";
		};
		E137D17E17CAF03D0001A6CF /* Products */ = {
			isa = PBXGroup;
			children = (
				E137D17D17CAF03D0001A6CF /* Details.app */,
				E137D1A317CAF03D0001A6CF /* Device DetailsTests.octest */,
			);
			name = Products;
			sourceTree = "<group>";
		};
		E137D17F17CAF03D0001A6CF /* Frameworks */ = {
			isa = PBXGroup;
			children = (
				499997611874F38D00D3A605 /* iAd.framework */,
				E1D1D2711835AA650007E301 /* AVFoundation.framework */,
				E1B9F8F117D470EC0089CE9D /* MapKit.framework */,
				49852AF317CE2A4F0086089A /* CoreMotion.framework */,
				E137D1FE17CDB49E0001A6CF /* CoreLocation.framework */,
				E137D1BB17CAFF770001A6CF /* SystemConfiguration.framework */,
				E137D18017CAF03D0001A6CF /* UIKit.framework */,
				E137D18217CAF03D0001A6CF /* Foundation.framework */,
				E137D18417CAF03D0001A6CF /* CoreGraphics.framework */,
				E137D1A417CAF03D0001A6CF /* SenTestingKit.framework */,
			);
			name = Frameworks;
			sourceTree = "<group>";
		};
		E137D18617CAF03D0001A6CF /* Device Details */ = {
			isa = PBXGroup;
			children = (
				49126741187D7CC4001F66A5 /* Settings.bundle */,
				E1D1D2691835A9B50007E301 /* Third Party Tools */,
				E137D19817CAF03D0001A6CF /* MainStoryboard.storyboard */,
				499997631874F92900D3A605 /* DDMainViewController.h */,
				499997641874F92900D3A605 /* DDMainViewController.m */,
				E137D1F717CB00D10001A6CF /* Reachability.h */,
				E137D1F817CB00D10001A6CF /* Reachability.m */,
				499122BB188D51D100643FFE /* ALRangingViewController.h */,
				499122BC188D51D100643FFE /* ALRangingViewController.m */,
				499122BE188D5FD600643FFE /* ALDefaults.h */,
				499122BF188D5FD600643FFE /* ALDefaults.m */,
				E137D18F17CAF03D0001A6CF /* DDAppDelegate.h */,
				E137D19017CAF03D0001A6CF /* DDAppDelegate.m */,
				E137D19B17CAF03D0001A6CF /* DDViewController.h */,
				E137D19C17CAF03D0001A6CF /* DDViewController.m */,
				E137D18717CAF03D0001A6CF /* Supporting Files */,
			);
			path = "Device Details";
			sourceTree = "<group>";
		};
		E137D18717CAF03D0001A6CF /* Supporting Files */ = {
			isa = PBXGroup;
			children = (
				E137D18817CAF03D0001A6CF /* Device Details-Info.plist */,
				E137D18917CAF03D0001A6CF /* InfoPlist.strings */,
				E137D18C17CAF03D0001A6CF /* main.m */,
				E137D18E17CAF03D0001A6CF /* Device Details-Prefix.pch */,
				E137D19217CAF03D0001A6CF /* Default.png */,
				E137D19417CAF03D0001A6CF /* Default@2x.png */,
				E137D19617CAF03D0001A6CF /* Default-568h@2x.png */,
			);
			name = "Supporting Files";
			sourceTree = "<group>";
		};
		E137D1AA17CAF03D0001A6CF /* Device DetailsTests */ = {
			isa = PBXGroup;
			children = (
				E137D1B017CAF03D0001A6CF /* Device_DetailsTests.h */,
				E137D1B117CAF03D0001A6CF /* Device_DetailsTests.m */,
				E137D1AB17CAF03D0001A6CF /* Supporting Files */,
			);
			path = "Device DetailsTests";
			sourceTree = "<group>";
		};
		E137D1AB17CAF03D0001A6CF /* Supporting Files */ = {
			isa = PBXGroup;
			children = (
				E137D1AC17CAF03D0001A6CF /* Device DetailsTests-Info.plist */,
				E137D1AD17CAF03D0001A6CF /* InfoPlist.strings */,
			);
			name = "Supporting Files";
			sourceTree = "<group>";
		};
		E1D1D2691835A9B50007E301 /* Third Party Tools */ = {
			isa = PBXGroup;
			children = (
				E1D1D26A1835A9DA0007E301 /* Decibel Meter */,
			);
			name = "Third Party Tools";
			sourceTree = "<group>";
		};
		E1D1D26A1835A9DA0007E301 /* Decibel Meter */ = {
			isa = PBXGroup;
			children = (
				E1D1D26B1835AA130007E301 /* BBDecibelMeter.h */,
				E1D1D26C1835AA130007E301 /* BBDecibelMeter.m */,
				E1D1D26D1835AA130007E301 /* F3BarGauge.h */,
				E1D1D26E1835AA130007E301 /* F3BarGauge.m */,
			);
			name = "Decibel Meter";
			sourceTree = "<group>";
		};
		E1E2748D1886468B00B25D84 /* Sources */ = {
			isa = PBXGroup;
			children = (
				E1B8B0731888B20900A20509 /* iPad 29.png */,
				E1B8B0741888B20900A20509 /* iPad 29@2x.png */,
				E1B8B0751888B20900A20509 /* iPad 40.png */,
				E1B8B0761888B20900A20509 /* iPad 40@2x.png */,
				E1B8B0771888B20900A20509 /* iPad 76.png */,
				E1B8B0781888B20900A20509 /* iPad 76@2x.png */,
				E1B8B0791888B20900A20509 /* iPhone 29@2x.png */,
				E1B8B07A1888B20900A20509 /* iPhone 40@2x.png */,
				E1B8B07B1888B20900A20509 /* iPhone 60@2x.png */,
				49E7D88618895EEE0096C450 /* iPhone 57.png */,
				49E7D88718895EEE0096C450 /* iPhone 57@2x.png */,
				E1B8B07C1888B20900A20509 /* Icon-72.png */,
				E1B8B07D1888B20900A20509 /* Icon-72@2x.png */,
				E1B8B07E1888B20900A20509 /* Icon-Small-50.png */,
				E1B8B07F1888B20900A20509 /* Icon-Small-50@2x.png */,
				E1B8B0801888B20900A20509 /* Icon-Small.png */,
				E1B8B0811888B20900A20509 /* Icon-Small@2x.png */,
				49E7D88A188960B50096C450 /* iPhone 120.png */,
				49E7D88B188960B50096C450 /* iPhone 120@2x.png */,
				E1B8B0821888B20900A20509 /* Icon.png */,
				E1B8B0831888B20900A20509 /* Icon@2x.png */,
				E1B8B0841888B20900A20509 /* iTunesArtwork */,
				E1B8B0851888B20900A20509 /* iTunesArtwork@2x */,
				E1B8B0861888B20900A20509 /* Sign Info.png */,
			);
			name = Sources;
			sourceTree = "<group>";
		};
/* End PBXGroup section */

/* Begin PBXNativeTarget section */
		E137D17C17CAF03D0001A6CF /* Details */ = {
			isa = PBXNativeTarget;
			buildConfigurationList = E137D1B517CAF03D0001A6CF /* Build configuration list for PBXNativeTarget "Details" */;
			buildPhases = (
				E137D17917CAF03D0001A6CF /* Sources */,
				E137D17A17CAF03D0001A6CF /* Frameworks */,
				E137D17B17CAF03D0001A6CF /* Resources */,
			);
			buildRules = (
			);
			dependencies = (
			);
			name = Details;
			productName = "Device Details";
			productReference = E137D17D17CAF03D0001A6CF /* Details.app */;
			productType = "com.apple.product-type.application";
		};
		E137D1A217CAF03D0001A6CF /* Device DetailsTests */ = {
			isa = PBXNativeTarget;
			buildConfigurationList = E137D1B817CAF03D0001A6CF /* Build configuration list for PBXNativeTarget "Device DetailsTests" */;
			buildPhases = (
				E137D19E17CAF03D0001A6CF /* Sources */,
				E137D19F17CAF03D0001A6CF /* Frameworks */,
				E137D1A017CAF03D0001A6CF /* Resources */,
				E137D1A117CAF03D0001A6CF /* ShellScript */,
			);
			buildRules = (
			);
			dependencies = (
				E137D1A917CAF03D0001A6CF /* PBXTargetDependency */,
			);
			name = "Device DetailsTests";
			productName = "Device DetailsTests";
			productReference = E137D1A317CAF03D0001A6CF /* Device DetailsTests.octest */;
			productType = "com.apple.product-type.bundle";
		};
/* End PBXNativeTarget section */

/* Begin PBXProject section */
		E137D17517CAF03D0001A6CF /* Project object */ = {
			isa = PBXProject;
			attributes = {
				CLASSPREFIX = DD;
				LastUpgradeCheck = 0460;
				ORGANIZATIONNAME = "Robert Yi Jiang";
				TargetAttributes = {
					E137D17C17CAF03D0001A6CF = {
						DevelopmentTeam = DQK83PW4RV;
					};
				};
			};
			buildConfigurationList = E137D17817CAF03D0001A6CF /* Build configuration list for PBXProject "Device Details" */;
			compatibilityVersion = "Xcode 3.2";
			developmentRegion = English;
			hasScannedForEncodings = 0;
			knownRegions = (
				en,
				Base,
				"zh-Hans",
			);
			mainGroup = E137D17417CAF03D0001A6CF;
			productRefGroup = E137D17E17CAF03D0001A6CF /* Products */;
			projectDirPath = "";
			projectRoot = "";
			targets = (
				E137D17C17CAF03D0001A6CF /* Details */,
				E137D1A217CAF03D0001A6CF /* Device DetailsTests */,
			);
		};
/* End PBXProject section */

/* Begin PBXResourcesBuildPhase section */
		E137D17B17CAF03D0001A6CF /* Resources */ = {
			isa = PBXResourcesBuildPhase;
			buildActionMask = 2147483647;
			files = (
				E1B8B0891888B20900A20509 /* iPad 40.png in Resources */,
				E1B8B08E1888B20900A20509 /* iPhone 40@2x.png in Resources */,
				E1B8B0911888B20900A20509 /* Icon-72@2x.png in Resources */,
				E1B8B09A1888B20900A20509 /* Sign Info.png in Resources */,
				49E7D88D188960B50096C450 /* iPhone 120@2x.png in Resources */,
				E137D18B17CAF03D0001A6CF /* InfoPlist.strings in Resources */,
				E1B8B08B1888B20900A20509 /* iPad 76.png in Resources */,
				E1B8B0991888B20900A20509 /* iTunesArtwork@2x in Resources */,
				E1B8B0931888B20900A20509 /* Icon-Small-50@2x.png in Resources */,
				E137D19317CAF03D0001A6CF /* Default.png in Resources */,
				E1B8B08A1888B20900A20509 /* iPad 40@2x.png in Resources */,
				E1B8B0951888B20900A20509 /* Icon-Small@2x.png in Resources */,
				E1B8B0881888B20900A20509 /* iPad 29@2x.png in Resources */,
				49E7D88C188960B50096C450 /* iPhone 120.png in Resources */,
				E137D19517CAF03D0001A6CF /* Default@2x.png in Resources */,
				E137D19717CAF03D0001A6CF /* Default-568h@2x.png in Resources */,
				E1B8B0981888B20900A20509 /* iTunesArtwork in Resources */,
				E1B8B0961888B20900A20509 /* Icon.png in Resources */,
				E137D19A17CAF03D0001A6CF /* MainStoryboard.storyboard in Resources */,
				49E7D88818895EEE0096C450 /* iPhone 57.png in Resources */,
				E1B8B0871888B20900A20509 /* iPad 29.png in Resources */,
				E1B8B0921888B20900A20509 /* Icon-Small-50.png in Resources */,
				E1B8B08C1888B20900A20509 /* iPad 76@2x.png in Resources */,
				E1B8B08F1888B20900A20509 /* iPhone 60@2x.png in Resources */,
				E1B8B0941888B20900A20509 /* Icon-Small.png in Resources */,
				E1B8B0901888B20900A20509 /* Icon-72.png in Resources */,
				49E7D88918895EEE0096C450 /* iPhone 57@2x.png in Resources */,
				E1B8B08D1888B20900A20509 /* iPhone 29@2x.png in Resources */,
				E1B8B0971888B20900A20509 /* Icon@2x.png in Resources */,
				49126742187D7CC4001F66A5 /* Settings.bundle in Resources */,
			);
			runOnlyForDeploymentPostprocessing = 0;
		};
		E137D1A017CAF03D0001A6CF /* Resources */ = {
			isa = PBXResourcesBuildPhase;
			buildActionMask = 2147483647;
			files = (
				E137D1AF17CAF03D0001A6CF /* InfoPlist.strings in Resources */,
			);
			runOnlyForDeploymentPostprocessing = 0;
		};
/* End PBXResourcesBuildPhase section */

/* Begin PBXShellScriptBuildPhase section */
		E137D1A117CAF03D0001A6CF /* ShellScript */ = {
			isa = PBXShellScriptBuildPhase;
			buildActionMask = 2147483647;
			files = (
			);
			inputPaths = (
			);
			outputPaths = (
			);
			runOnlyForDeploymentPostprocessing = 0;
			shellPath = /bin/sh;
			shellScript = "# Run the unit tests in this test bundle.\n\"${SYSTEM_DEVELOPER_DIR}/Tools/RunUnitTests\"\n";
		};
/* End PBXShellScriptBuildPhase section */

/* Begin PBXSourcesBuildPhase section */
		E137D17917CAF03D0001A6CF /* Sources */ = {
			isa = PBXSourcesBuildPhase;
			buildActionMask = 2147483647;
			files = (
				499997651874F92900D3A605 /* DDMainViewController.m in Sources */,
				E1D1D2701835AA130007E301 /* F3BarGauge.m in Sources */,
				E137D18D17CAF03D0001A6CF /* main.m in Sources */,
				E137D19117CAF03D0001A6CF /* DDAppDelegate.m in Sources */,
				E137D19D17CAF03D0001A6CF /* DDViewController.m in Sources */,
				E1D1D26F1835AA130007E301 /* BBDecibelMeter.m in Sources */,
				499122C0188D5FD600643FFE /* ALDefaults.m in Sources */,
				499122BD188D51D100643FFE /* ALRangingViewController.m in Sources */,
				E137D1F917CB00D10001A6CF /* Reachability.m in Sources */,
			);
			runOnlyForDeploymentPostprocessing = 0;
		};
		E137D19E17CAF03D0001A6CF /* Sources */ = {
			isa = PBXSourcesBuildPhase;
			buildActionMask = 2147483647;
			files = (
				E137D1B217CAF03D0001A6CF /* Device_DetailsTests.m in Sources */,
			);
			runOnlyForDeploymentPostprocessing = 0;
		};
/* End PBXSourcesBuildPhase section */

/* Begin PBXTargetDependency section */
		E137D1A917CAF03D0001A6CF /* PBXTargetDependency */ = {
			isa = PBXTargetDependency;
			target = E137D17C17CAF03D0001A6CF /* Details */;
			targetProxy = E137D1A817CAF03D0001A6CF /* PBXContainerItemProxy */;
		};
/* End PBXTargetDependency section */

/* Begin PBXVariantGroup section */
		E137D18917CAF03D0001A6CF /* InfoPlist.strings */ = {
			isa = PBXVariantGroup;
			children = (
				E137D18A17CAF03D0001A6CF /* en */,
				E1D96C901888BDB100DC6CF4 /* zh-Hans */,
			);
			name = InfoPlist.strings;
			sourceTree = "<group>";
		};
		E137D19817CAF03D0001A6CF /* MainStoryboard.storyboard */ = {
			isa = PBXVariantGroup;
			children = (
				E137D19917CAF03D0001A6CF /* en */,
				E1D96C8F1888BDB100DC6CF4 /* zh-Hans */,
			);
			name = MainStoryboard.storyboard;
			sourceTree = "<group>";
		};
		E137D1AD17CAF03D0001A6CF /* InfoPlist.strings */ = {
			isa = PBXVariantGroup;
			children = (
				E137D1AE17CAF03D0001A6CF /* en */,
				E1D96C911888BDB100DC6CF4 /* zh-Hans */,
			);
			name = InfoPlist.strings;
			sourceTree = "<group>";
		};
/* End PBXVariantGroup section */

/* Begin XCBuildConfiguration section */
		E137D1B317CAF03D0001A6CF /* Debug */ = {
			isa = XCBuildConfiguration;
			buildSettings = {
				ALWAYS_SEARCH_USER_PATHS = NO;
				ARCHS = "$(ARCHS_STANDARD)";
				CLANG_CXX_LANGUAGE_STANDARD = "gnu++0x";
				CLANG_CXX_LIBRARY = "libc++";
				CLANG_ENABLE_OBJC_ARC = YES;
				CLANG_WARN_CONSTANT_CONVERSION = YES;
				CLANG_WARN_EMPTY_BODY = YES;
				CLANG_WARN_ENUM_CONVERSION = YES;
				CLANG_WARN_INT_CONVERSION = YES;
				CLANG_WARN__DUPLICATE_METHOD_MATCH = YES;
				CODE_SIGN_IDENTITY = "iPhone Developer: Yi JIANG (98FCLL49MZ)";
				"CODE_SIGN_IDENTITY[sdk=iphoneos*]" = "iPhone Developer: Yi JIANG (98FCLL49MZ)";
				COPY_PHASE_STRIP = NO;
				GCC_C_LANGUAGE_STANDARD = gnu99;
				GCC_DYNAMIC_NO_PIC = NO;
				GCC_OPTIMIZATION_LEVEL = 0;
				GCC_PREPROCESSOR_DEFINITIONS = (
					"DEBUG=1",
					"$(inherited)",
				);
				GCC_SYMBOLS_PRIVATE_EXTERN = NO;
				GCC_WARN_ABOUT_RETURN_TYPE = YES;
				GCC_WARN_UNINITIALIZED_AUTOS = YES;
				GCC_WARN_UNUSED_VARIABLE = YES;
				IPHONEOS_DEPLOYMENT_TARGET = 6.1;
				ONLY_ACTIVE_ARCH = YES;
				PROVISIONING_PROFILE = "4FCB58ED-EC97-492D-8C77-AEC9E317C6A8";
				SDKROOT = iphoneos;
			};
			name = Debug;
		};
		E137D1B417CAF03D0001A6CF /* Release */ = {
			isa = XCBuildConfiguration;
			buildSettings = {
				ALWAYS_SEARCH_USER_PATHS = NO;
				ARCHS = "$(ARCHS_STANDARD)";
				CLANG_CXX_LANGUAGE_STANDARD = "gnu++0x";
				CLANG_CXX_LIBRARY = "libc++";
				CLANG_ENABLE_OBJC_ARC = YES;
				CLANG_WARN_CONSTANT_CONVERSION = YES;
				CLANG_WARN_EMPTY_BODY = YES;
				CLANG_WARN_ENUM_CONVERSION = YES;
				CLANG_WARN_INT_CONVERSION = YES;
				CLANG_WARN__DUPLICATE_METHOD_MATCH = YES;
				CODE_SIGN_IDENTITY = "iPhone Developer: Yi JIANG (98FCLL49MZ)";
				"CODE_SIGN_IDENTITY[sdk=iphoneos*]" = "iPhone Developer: Yi JIANG (98FCLL49MZ)";
				COPY_PHASE_STRIP = YES;
				GCC_C_LANGUAGE_STANDARD = gnu99;
				GCC_WARN_ABOUT_RETURN_TYPE = YES;
				GCC_WARN_UNINITIALIZED_AUTOS = YES;
				GCC_WARN_UNUSED_VARIABLE = YES;
				IPHONEOS_DEPLOYMENT_TARGET = 6.1;
				ONLY_ACTIVE_ARCH = NO;
				OTHER_CFLAGS = "-DNS_BLOCK_ASSERTIONS=1";
				PROVISIONING_PROFILE = "4FCB58ED-EC97-492D-8C77-AEC9E317C6A8";
				SDKROOT = iphoneos;
				VALIDATE_PRODUCT = YES;
			};
			name = Release;
		};
		E137D1B617CAF03D0001A6CF /* Debug */ = {
			isa = XCBuildConfiguration;
			buildSettings = {
				ASSETCATALOG_COMPILER_APPICON_NAME = AppIcon;
				ASSETCATALOG_COMPILER_LAUNCHIMAGE_NAME = LaunchImage;
				CODE_SIGN_IDENTITY = "iPhone Developer: Yi JIANG (98FCLL49MZ)";
				"CODE_SIGN_IDENTITY[sdk=iphoneos*]" = "iPhone Developer: Yi JIANG (98FCLL49MZ)";
				GCC_PRECOMPILE_PREFIX_HEADER = YES;
				GCC_PREFIX_HEADER = "Device Details/Device Details-Prefix.pch";
				INFOPLIST_FILE = "Device Details/Device Details-Info.plist";
				IPHONEOS_DEPLOYMENT_TARGET = 6.1;
				PRODUCT_NAME = "$(TARGET_NAME)";
				PROVISIONING_PROFILE = "4FCB58ED-EC97-492D-8C77-AEC9E317C6A8";
				TARGETED_DEVICE_FAMILY = 1;
				WRAPPER_EXTENSION = app;
			};
			name = Debug;
		};
		E137D1B717CAF03D0001A6CF /* Release */ = {
			isa = XCBuildConfiguration;
			buildSettings = {
				ASSETCATALOG_COMPILER_APPICON_NAME = AppIcon;
				ASSETCATALOG_COMPILER_LAUNCHIMAGE_NAME = LaunchImage;
				CODE_SIGN_IDENTITY = "iPhone Developer: Yi JIANG (98FCLL49MZ)";
				"CODE_SIGN_IDENTITY[sdk=iphoneos*]" = "iPhone Developer: Yi JIANG (98FCLL49MZ)";
				GCC_PRECOMPILE_PREFIX_HEADER = YES;
				GCC_PREFIX_HEADER = "Device Details/Device Details-Prefix.pch";
				INFOPLIST_FILE = "Device Details/Device Details-Info.plist";
				IPHONEOS_DEPLOYMENT_TARGET = 6.1;
				PRODUCT_NAME = "$(TARGET_NAME)";
				PROVISIONING_PROFILE = "4FCB58ED-EC97-492D-8C77-AEC9E317C6A8";
				TARGETED_DEVICE_FAMILY = 1;
				WRAPPER_EXTENSION = app;
			};
			name = Release;
		};
		E137D1B917CAF03D0001A6CF /* Debug */ = {
			isa = XCBuildConfiguration;
			buildSettings = {
				BUNDLE_LOADER = "$(BUILT_PRODUCTS_DIR)/Device Details.app/Device Details";
				FRAMEWORK_SEARCH_PATHS = (
					"\\\"$(SDKROOT)/Developer/Library/Frameworks\\\"",
					"\\\"$(DEVELOPER_LIBRARY_DIR)/Frameworks\\\"",
					"$(DEVELOPER_FRAMEWORKS_DIR)",
				);
				GCC_PRECOMPILE_PREFIX_HEADER = YES;
				GCC_PREFIX_HEADER = "Device Details/Device Details-Prefix.pch";
				INFOPLIST_FILE = "Device DetailsTests/Device DetailsTests-Info.plist";
				PRODUCT_NAME = "$(TARGET_NAME)";
				TEST_HOST = "$(BUNDLE_LOADER)";
				WRAPPER_EXTENSION = octest;
			};
			name = Debug;
		};
		E137D1BA17CAF03D0001A6CF /* Release */ = {
			isa = XCBuildConfiguration;
			buildSettings = {
				BUNDLE_LOADER = "$(BUILT_PRODUCTS_DIR)/Device Details.app/Device Details";
				FRAMEWORK_SEARCH_PATHS = (
					"\\\"$(SDKROOT)/Developer/Library/Frameworks\\\"",
					"\\\"$(DEVELOPER_LIBRARY_DIR)/Frameworks\\\"",
					"$(DEVELOPER_FRAMEWORKS_DIR)",
				);
				GCC_PRECOMPILE_PREFIX_HEADER = YES;
				GCC_PREFIX_HEADER = "Device Details/Device Details-Prefix.pch";
				INFOPLIST_FILE = "Device DetailsTests/Device DetailsTests-Info.plist";
				PRODUCT_NAME = "$(TARGET_NAME)";
				TEST_HOST = "$(BUNDLE_LOADER)";
				WRAPPER_EXTENSION = octest;
			};
			name = Release;
		};
/* End XCBuildConfiguration section */

/* Begin XCConfigurationList section */
		E137D17817CAF03D0001A6CF /* Build configuration list for PBXProject "Device Details" */ = {
			isa = XCConfigurationList;
			buildConfigurations = (
				E137D1B317CAF03D0001A6CF /* Debug */,
				E137D1B417CAF03D0001A6CF /* Release */,
			);
			defaultConfigurationIsVisible = 0;
			defaultConfigurationName = Release;
		};
		E137D1B517CAF03D0001A6CF /* Build configuration list for PBXNativeTarget "Details" */ = {
			isa = XCConfigurationList;
			buildConfigurations = (
				E137D1B617CAF03D0001A6CF /* Debug */,
				E137D1B717CAF03D0001A6CF /* Release */,
			);
			defaultConfigurationIsVisible = 0;
			defaultConfigurationName = Release;
		};
		E137D1B817CAF03D0001A6CF /* Build configuration list for PBXNativeTarget "Device DetailsTests" */ = {
			isa = XCConfigurationList;
			buildConfigurations = (
				E137D1B917CAF03D0001A6CF /* Debug */,
				E137D1BA17CAF03D0001A6CF /* Release */,
			);
			defaultConfigurationIsVisible = 0;
			defaultConfigurationName = Release;
		};
/* End XCConfigurationList section */
	};
	rootObject = E137D17517CAF03D0001A6CF /* Project object */;
}
