// !$*UTF8*$!
{
	archiveVersion = 1;
	classes = {
	};
	objectVersion = 46;
	objects = {

/* Begin PBXBuildFile section */
		4912672D187CF215001F66A5 /* Images.xcassets in Resources */ = {isa = PBXBuildFile; fileRef = 4912672C187CF215001F66A5 /* Images.xcassets */; };
		49126737187CF4F4001F66A5 /* iPad 29.png in Resources */ = {isa = PBXBuildFile; fileRef = 4912672E187CF4F4001F66A5 /* iPad 29.png */; };
		49126738187CF4F4001F66A5 /* iPad 29@2x.png in Resources */ = {isa = PBXBuildFile; fileRef = 4912672F187CF4F4001F66A5 /* iPad 29@2x.png */; };
		49126739187CF4F4001F66A5 /* iPad 40.png in Resources */ = {isa = PBXBuildFile; fileRef = 49126730187CF4F4001F66A5 /* iPad 40.png */; };
		4912673A187CF4F4001F66A5 /* iPad 40@2x.png in Resources */ = {isa = PBXBuildFile; fileRef = 49126731187CF4F4001F66A5 /* iPad 40@2x.png */; };
		4912673B187CF4F4001F66A5 /* iPad 76.png in Resources */ = {isa = PBXBuildFile; fileRef = 49126732187CF4F4001F66A5 /* iPad 76.png */; };
		4912673C187CF4F4001F66A5 /* iPad 76@2x.png in Resources */ = {isa = PBXBuildFile; fileRef = 49126733187CF4F4001F66A5 /* iPad 76@2x.png */; };
		4912673D187CF4F4001F66A5 /* iPhone 29@2x.png in Resources */ = {isa = PBXBuildFile; fileRef = 49126734187CF4F4001F66A5 /* iPhone 29@2x.png */; };
		4912673E187CF4F4001F66A5 /* iPhone 40@2x.png in Resources */ = {isa = PBXBuildFile; fileRef = 49126735187CF4F4001F66A5 /* iPhone 40@2x.png */; };
		4912673F187CF4F4001F66A5 /* iPhone 60@2x.png in Resources */ = {isa = PBXBuildFile; fileRef = 49126736187CF4F4001F66A5 /* iPhone 60@2x.png */; };
		49126742187D7CC4001F66A5 /* Settings.bundle in Resources */ = {isa = PBXBuildFile; fileRef = 49126741187D7CC4001F66A5 /* Settings.bundle */; };
		49852AF417CE2A4F0086089A /* CoreMotion.framework in Frameworks */ = {isa = PBXBuildFile; fileRef = 49852AF317CE2A4F0086089A /* CoreMotion.framework */; };
		499997621874F38E00D3A605 /* iAd.framework in Frameworks */ = {isa = PBXBuildFile; fileRef = 499997611874F38D00D3A605 /* iAd.framework */; };
		499997651874F92900D3A605 /* DDMainViewController.m in Sources */ = {isa = PBXBuildFile; fileRef = 499997641874F92900D3A605 /* DDMainViewController.m */; };
		49C851AF18796E24009544D5 /* Accelerate.framework in Frameworks */ = {isa = PBXBuildFile; fileRef = 49CE10841876320A0020031C /* Accelerate.framework */; };
		49C851B018797D5E009544D5 /* GLKit.framework in Frameworks */ = {isa = PBXBuildFile; fileRef = 49CE10B0187665740020031C /* GLKit.framework */; };
		49CE10B3187665860020031C /* AudioToolbox.framework in Frameworks */ = {isa = PBXBuildFile; fileRef = 49CE10B2187665860020031C /* AudioToolbox.framework */; };
		49CE10B4187668B00020031C /* XCTest.framework in Frameworks */ = {isa = PBXBuildFile; fileRef = 49CE10AD1876565F0020031C /* XCTest.framework */; };
		49CE10DA18766A6F0020031C /* AEFloatConverter.m in Sources */ = {isa = PBXBuildFile; fileRef = 49CE10C218766A6E0020031C /* AEFloatConverter.m */; };
		49CE10DB18766A6F0020031C /* EZAudio.m in Sources */ = {isa = PBXBuildFile; fileRef = 49CE10C418766A6F0020031C /* EZAudio.m */; };
		49CE10DC18766A6F0020031C /* EZAudioFile.m in Sources */ = {isa = PBXBuildFile; fileRef = 49CE10C618766A6F0020031C /* EZAudioFile.m */; };
		49CE10DD18766A6F0020031C /* EZAudioPlot.m in Sources */ = {isa = PBXBuildFile; fileRef = 49CE10C818766A6F0020031C /* EZAudioPlot.m */; };
		49CE10DE18766A6F0020031C /* EZAudioPlotGL.m in Sources */ = {isa = PBXBuildFile; fileRef = 49CE10CA18766A6F0020031C /* EZAudioPlotGL.m */; };
		49CE10DF18766A6F0020031C /* EZAudioPlotGLKViewController.m in Sources */ = {isa = PBXBuildFile; fileRef = 49CE10CC18766A6F0020031C /* EZAudioPlotGLKViewController.m */; };
		49CE10E018766A6F0020031C /* EZMicrophone.m in Sources */ = {isa = PBXBuildFile; fileRef = 49CE10CE18766A6F0020031C /* EZMicrophone.m */; };
		49CE10E118766A6F0020031C /* EZOutput.m in Sources */ = {isa = PBXBuildFile; fileRef = 49CE10D018766A6F0020031C /* EZOutput.m */; };
		49CE10E218766A6F0020031C /* EZPlot.m in Sources */ = {isa = PBXBuildFile; fileRef = 49CE10D218766A6F0020031C /* EZPlot.m */; };
		49CE10E318766A6F0020031C /* EZRecorder.m in Sources */ = {isa = PBXBuildFile; fileRef = 49CE10D418766A6F0020031C /* EZRecorder.m */; };
		49CE10E418766A6F0020031C /* TPCircularBuffer.c in Sources */ = {isa = PBXBuildFile; fileRef = 49CE10D518766A6F0020031C /* TPCircularBuffer.c */; };
		49CE10E518766A6F0020031C /* CHANGELOG in Resources */ = {isa = PBXBuildFile; fileRef = 49CE10D818766A6F0020031C /* CHANGELOG */; };
		49CE10E618766A6F0020031C /* VERSION in Resources */ = {isa = PBXBuildFile; fileRef = 49CE10D918766A6F0020031C /* VERSION */; };
		49CE10E718766DE20020031C /* Foundation.framework in Frameworks */ = {isa = PBXBuildFile; fileRef = E137D18217CAF03D0001A6CF /* Foundation.framework */; };
		49CE10EA1876734B0020031C /* AudioToolbox.framework in Frameworks */ = {isa = PBXBuildFile; fileRef = 49CE10B2187665860020031C /* AudioToolbox.framework */; };
		49CE10EB187673530020031C /* GLKit.framework in Frameworks */ = {isa = PBXBuildFile; fileRef = 49CE10B0187665740020031C /* GLKit.framework */; };
		49CE10EE187676BB0020031C /* DDAudioPlotViewController.m in Sources */ = {isa = PBXBuildFile; fileRef = 49CE10ED187676BB0020031C /* DDAudioPlotViewController.m */; };
		E137D18117CAF03D0001A6CF /* UIKit.framework in Frameworks */ = {isa = PBXBuildFile; fileRef = E137D18017CAF03D0001A6CF /* UIKit.framework */; };
		E137D18517CAF03D0001A6CF /* CoreGraphics.framework in Frameworks */ = {isa = PBXBuildFile; fileRef = E137D18417CAF03D0001A6CF /* CoreGraphics.framework */; };
		E137D18B17CAF03D0001A6CF /* InfoPlist.strings in Resources */ = {isa = PBXBuildFile; fileRef = E137D18917CAF03D0001A6CF /* InfoPlist.strings */; };
		E137D18D17CAF03D0001A6CF /* main.m in Sources */ = {isa = PBXBuildFile; fileRef = E137D18C17CAF03D0001A6CF /* main.m */; };
		E137D19117CAF03D0001A6CF /* DDAppDelegate.m in Sources */ = {isa = PBXBuildFile; fileRef = E137D19017CAF03D0001A6CF /* DDAppDelegate.m */; };
		E137D19317CAF03D0001A6CF /* Default.png in Resources */ = {isa = PBXBuildFile; fileRef = E137D19217CAF03D0001A6CF /* Default.png */; };
		E137D19517CAF03D0001A6CF /* Default@2x.png in Resources */ = {isa = PBXBuildFile; fileRef = E137D19417CAF03D0001A6CF /* Default@2x.png */; };
		E137D19717CAF03D0001A6CF /* Default-568h@2x.png in Resources */ = {isa = PBXBuildFile; fileRef = E137D19617CAF03D0001A6CF /* Default-568h@2x.png */; };
		E137D19A17CAF03D0001A6CF /* MainStoryboard.storyboard in Resources */ = {isa = PBXBuildFile; fileRef = E137D19817CAF03D0001A6CF /* MainStoryboard.storyboard */; };
		E137D19D17CAF03D0001A6CF /* DDViewController.m in Sources */ = {isa = PBXBuildFile; fileRef = E137D19C17CAF03D0001A6CF /* DDViewController.m */; };
		E137D1A517CAF03D0001A6CF /* SenTestingKit.framework in Frameworks */ = {isa = PBXBuildFile; fileRef = E137D1A417CAF03D0001A6CF /* SenTestingKit.framework */; };
		E137D1A617CAF03D0001A6CF /* UIKit.framework in Frameworks */ = {isa = PBXBuildFile; fileRef = E137D18017CAF03D0001A6CF /* UIKit.framework */; };
		E137D1A717CAF03D0001A6CF /* Foundation.framework in Frameworks */ = {isa = PBXBuildFile; fileRef = E137D18217CAF03D0001A6CF /* Foundation.framework */; };
		E137D1AF17CAF03D0001A6CF /* InfoPlist.strings in Resources */ = {isa = PBXBuildFile; fileRef = E137D1AD17CAF03D0001A6CF /* InfoPlist.strings */; };
		E137D1B217CAF03D0001A6CF /* Device_DetailsTests.m in Sources */ = {isa = PBXBuildFile; fileRef = E137D1B117CAF03D0001A6CF /* Device_DetailsTests.m */; };
		E137D1BC17CAFF770001A6CF /* SystemConfiguration.framework in Frameworks */ = {isa = PBXBuildFile; fileRef = E137D1BB17CAFF770001A6CF /* SystemConfiguration.framework */; };
		E137D1F917CB00D10001A6CF /* Reachability.m in Sources */ = {isa = PBXBuildFile; fileRef = E137D1F817CB00D10001A6CF /* Reachability.m */; };
		E137D1FB17CD9E4B0001A6CF /* Icon.png in Resources */ = {isa = PBXBuildFile; fileRef = E137D1FA17CD9E4B0001A6CF /* Icon.png */; };
		E137D1FD17CD9E530001A6CF /* Icon@2x.png in Resources */ = {isa = PBXBuildFile; fileRef = E137D1FC17CD9E530001A6CF /* Icon@2x.png */; };
		E137D1FF17CDB49E0001A6CF /* CoreLocation.framework in Frameworks */ = {isa = PBXBuildFile; fileRef = E137D1FE17CDB49E0001A6CF /* CoreLocation.framework */; };
		E1B9F8F217D470EC0089CE9D /* MapKit.framework in Frameworks */ = {isa = PBXBuildFile; fileRef = E1B9F8F117D470EC0089CE9D /* MapKit.framework */; };
		E1D1D26F1835AA130007E301 /* BBDecibelMeter.m in Sources */ = {isa = PBXBuildFile; fileRef = E1D1D26C1835AA130007E301 /* BBDecibelMeter.m */; };
		E1D1D2701835AA130007E301 /* F3BarGauge.m in Sources */ = {isa = PBXBuildFile; fileRef = E1D1D26E1835AA130007E301 /* F3BarGauge.m */; };
		E1D1D2721835AA650007E301 /* AVFoundation.framework in Frameworks */ = {isa = PBXBuildFile; fileRef = E1D1D2711835AA650007E301 /* AVFoundation.framework */; };
/* End PBXBuildFile section */

/* Begin PBXContainerItemProxy section */
		E137D1A817CAF03D0001A6CF /* PBXContainerItemProxy */ = {
			isa = PBXContainerItemProxy;
			containerPortal = E137D17517CAF03D0001A6CF /* Project object */;
			proxyType = 1;
			remoteGlobalIDString = E137D17C17CAF03D0001A6CF;
			remoteInfo = "Device Details";
		};
/* End PBXContainerItemProxy section */

/* Begin PBXFileReference section */
		4912672C187CF215001F66A5 /* Images.xcassets */ = {isa = PBXFileReference; lastKnownFileType = folder.assetcatalog; name = Images.xcassets; path = Details/Images.xcassets; sourceTree = "<group>"; };
		4912672E187CF4F4001F66A5 /* iPad 29.png */ = {isa = PBXFileReference; lastKnownFileType = image.png; path = "iPad 29.png"; sourceTree = "<group>"; };
		4912672F187CF4F4001F66A5 /* iPad 29@2x.png */ = {isa = PBXFileReference; lastKnownFileType = image.png; path = "iPad 29@2x.png"; sourceTree = "<group>"; };
		49126730187CF4F4001F66A5 /* iPad 40.png */ = {isa = PBXFileReference; lastKnownFileType = image.png; path = "iPad 40.png"; sourceTree = "<group>"; };
		49126731187CF4F4001F66A5 /* iPad 40@2x.png */ = {isa = PBXFileReference; lastKnownFileType = image.png; path = "iPad 40@2x.png"; sourceTree = "<group>"; };
		49126732187CF4F4001F66A5 /* iPad 76.png */ = {isa = PBXFileReference; lastKnownFileType = image.png; path = "iPad 76.png"; sourceTree = "<group>"; };
		49126733187CF4F4001F66A5 /* iPad 76@2x.png */ = {isa = PBXFileReference; lastKnownFileType = image.png; path = "iPad 76@2x.png"; sourceTree = "<group>"; };
		49126734187CF4F4001F66A5 /* iPhone 29@2x.png */ = {isa = PBXFileReference; lastKnownFileType = image.png; path = "iPhone 29@2x.png"; sourceTree = "<group>"; };
		49126735187CF4F4001F66A5 /* iPhone 40@2x.png */ = {isa = PBXFileReference; lastKnownFileType = image.png; path = "iPhone 40@2x.png"; sourceTree = "<group>"; };
		49126736187CF4F4001F66A5 /* iPhone 60@2x.png */ = {isa = PBXFileReference; lastKnownFileType = image.png; path = "iPhone 60@2x.png"; sourceTree = "<group>"; };
		49126741187D7CC4001F66A5 /* Settings.bundle */ = {isa = PBXFileReference; lastKnownFileType = "wrapper.plug-in"; path = Settings.bundle; sourceTree = "<group>"; };
		49852AF317CE2A4F0086089A /* CoreMotion.framework */ = {isa = PBXFileReference; lastKnownFileType = wrapper.framework; name = CoreMotion.framework; path = System/Library/Frameworks/CoreMotion.framework; sourceTree = SDKROOT; };
		499997611874F38D00D3A605 /* iAd.framework */ = {isa = PBXFileReference; lastKnownFileType = wrapper.framework; name = iAd.framework; path = System/Library/Frameworks/iAd.framework; sourceTree = SDKROOT; };
		499997631874F92900D3A605 /* DDMainViewController.h */ = {isa = PBXFileReference; fileEncoding = 4; lastKnownFileType = sourcecode.c.h; path = DDMainViewController.h; sourceTree = "<group>"; };
		499997641874F92900D3A605 /* DDMainViewController.m */ = {isa = PBXFileReference; fileEncoding = 4; lastKnownFileType = sourcecode.c.objc; path = DDMainViewController.m; sourceTree = "<group>"; };
		49C851B118797D84009544D5 /* libgll.dylib */ = {isa = PBXFileReference; lastKnownFileType = "compiled.mach-o.dylib"; name = libgll.dylib; path = usr/lib/libgll.dylib; sourceTree = SDKROOT; };
		49CE10841876320A0020031C /* Accelerate.framework */ = {isa = PBXFileReference; lastKnownFileType = wrapper.framework; name = Accelerate.framework; path = System/Library/Frameworks/Accelerate.framework; sourceTree = SDKROOT; };
		49CE10AD1876565F0020031C /* XCTest.framework */ = {isa = PBXFileReference; lastKnownFileType = wrapper.framework; name = XCTest.framework; path = Library/Frameworks/XCTest.framework; sourceTree = DEVELOPER_DIR; };
		49CE10B0187665740020031C /* GLKit.framework */ = {isa = PBXFileReference; lastKnownFileType = wrapper.framework; name = GLKit.framework; path = System/Library/Frameworks/GLKit.framework; sourceTree = SDKROOT; };
		49CE10B2187665860020031C /* AudioToolbox.framework */ = {isa = PBXFileReference; lastKnownFileType = wrapper.framework; name = AudioToolbox.framework; path = System/Library/Frameworks/AudioToolbox.framework; sourceTree = SDKROOT; };
		49CE10C118766A6E0020031C /* AEFloatConverter.h */ = {isa = PBXFileReference; fileEncoding = 4; lastKnownFileType = sourcecode.c.h; path = AEFloatConverter.h; sourceTree = "<group>"; };
		49CE10C218766A6E0020031C /* AEFloatConverter.m */ = {isa = PBXFileReference; fileEncoding = 4; lastKnownFileType = sourcecode.c.objc; path = AEFloatConverter.m; sourceTree = "<group>"; };
		49CE10C318766A6E0020031C /* EZAudio.h */ = {isa = PBXFileReference; fileEncoding = 4; lastKnownFileType = sourcecode.c.h; path = EZAudio.h; sourceTree = "<group>"; };
		49CE10C418766A6F0020031C /* EZAudio.m */ = {isa = PBXFileReference; fileEncoding = 4; lastKnownFileType = sourcecode.c.objc; path = EZAudio.m; sourceTree = "<group>"; };
		49CE10C518766A6F0020031C /* EZAudioFile.h */ = {isa = PBXFileReference; fileEncoding = 4; lastKnownFileType = sourcecode.c.h; path = EZAudioFile.h; sourceTree = "<group>"; };
		49CE10C618766A6F0020031C /* EZAudioFile.m */ = {isa = PBXFileReference; fileEncoding = 4; lastKnownFileType = sourcecode.c.objc; path = EZAudioFile.m; sourceTree = "<group>"; };
		49CE10C718766A6F0020031C /* EZAudioPlot.h */ = {isa = PBXFileReference; fileEncoding = 4; lastKnownFileType = sourcecode.c.h; path = EZAudioPlot.h; sourceTree = "<group>"; };
		49CE10C818766A6F0020031C /* EZAudioPlot.m */ = {isa = PBXFileReference; fileEncoding = 4; lastKnownFileType = sourcecode.c.objc; path = EZAudioPlot.m; sourceTree = "<group>"; };
		49CE10C918766A6F0020031C /* EZAudioPlotGL.h */ = {isa = PBXFileReference; fileEncoding = 4; lastKnownFileType = sourcecode.c.h; path = EZAudioPlotGL.h; sourceTree = "<group>"; };
		49CE10CA18766A6F0020031C /* EZAudioPlotGL.m */ = {isa = PBXFileReference; fileEncoding = 4; lastKnownFileType = sourcecode.c.objc; path = EZAudioPlotGL.m; sourceTree = "<group>"; };
		49CE10CB18766A6F0020031C /* EZAudioPlotGLKViewController.h */ = {isa = PBXFileReference; fileEncoding = 4; lastKnownFileType = sourcecode.c.h; path = EZAudioPlotGLKViewController.h; sourceTree = "<group>"; };
		49CE10CC18766A6F0020031C /* EZAudioPlotGLKViewController.m */ = {isa = PBXFileReference; fileEncoding = 4; lastKnownFileType = sourcecode.c.objc; path = EZAudioPlotGLKViewController.m; sourceTree = "<group>"; };
		49CE10CD18766A6F0020031C /* EZMicrophone.h */ = {isa = PBXFileReference; fileEncoding = 4; lastKnownFileType = sourcecode.c.h; path = EZMicrophone.h; sourceTree = "<group>"; };
		49CE10CE18766A6F0020031C /* EZMicrophone.m */ = {isa = PBXFileReference; fileEncoding = 4; lastKnownFileType = sourcecode.c.objc; path = EZMicrophone.m; sourceTree = "<group>"; };
		49CE10CF18766A6F0020031C /* EZOutput.h */ = {isa = PBXFileReference; fileEncoding = 4; lastKnownFileType = sourcecode.c.h; path = EZOutput.h; sourceTree = "<group>"; };
		49CE10D018766A6F0020031C /* EZOutput.m */ = {isa = PBXFileReference; fileEncoding = 4; lastKnownFileType = sourcecode.c.objc; path = EZOutput.m; sourceTree = "<group>"; };
		49CE10D118766A6F0020031C /* EZPlot.h */ = {isa = PBXFileReference; fileEncoding = 4; lastKnownFileType = sourcecode.c.h; path = EZPlot.h; sourceTree = "<group>"; };
		49CE10D218766A6F0020031C /* EZPlot.m */ = {isa = PBXFileReference; fileEncoding = 4; lastKnownFileType = sourcecode.c.objc; path = EZPlot.m; sourceTree = "<group>"; };
		49CE10D318766A6F0020031C /* EZRecorder.h */ = {isa = PBXFileReference; fileEncoding = 4; lastKnownFileType = sourcecode.c.h; path = EZRecorder.h; sourceTree = "<group>"; };
		49CE10D418766A6F0020031C /* EZRecorder.m */ = {isa = PBXFileReference; fileEncoding = 4; lastKnownFileType = sourcecode.c.objc; path = EZRecorder.m; sourceTree = "<group>"; };
		49CE10D518766A6F0020031C /* TPCircularBuffer.c */ = {isa = PBXFileReference; fileEncoding = 4; lastKnownFileType = sourcecode.c.c; path = TPCircularBuffer.c; sourceTree = "<group>"; };
		49CE10D618766A6F0020031C /* TPCircularBuffer.h */ = {isa = PBXFileReference; fileEncoding = 4; lastKnownFileType = sourcecode.c.h; path = TPCircularBuffer.h; sourceTree = "<group>"; };
		49CE10D818766A6F0020031C /* CHANGELOG */ = {isa = PBXFileReference; fileEncoding = 4; lastKnownFileType = text; path = CHANGELOG; sourceTree = "<group>"; };
		49CE10D918766A6F0020031C /* VERSION */ = {isa = PBXFileReference; fileEncoding = 4; lastKnownFileType = text; path = VERSION; sourceTree = "<group>"; };
		49CE10E818766DEE0020031C /* CoreFoundation.framework */ = {isa = PBXFileReference; lastKnownFileType = wrapper.framework; name = CoreFoundation.framework; path = System/Library/Frameworks/CoreFoundation.framework; sourceTree = SDKROOT; };
		49CE10EC187676BB0020031C /* DDAudioPlotViewController.h */ = {isa = PBXFileReference; fileEncoding = 4; lastKnownFileType = sourcecode.c.h; path = DDAudioPlotViewController.h; sourceTree = "<group>"; };
		49CE10ED187676BB0020031C /* DDAudioPlotViewController.m */ = {isa = PBXFileReference; fileEncoding = 4; lastKnownFileType = sourcecode.c.objc; path = DDAudioPlotViewController.m; sourceTree = "<group>"; };
		E137D17D17CAF03D0001A6CF /* Details.app */ = {isa = PBXFileReference; explicitFileType = wrapper.application; includeInIndex = 0; path = Details.app; sourceTree = BUILT_PRODUCTS_DIR; };
		E137D18017CAF03D0001A6CF /* UIKit.framework */ = {isa = PBXFileReference; lastKnownFileType = wrapper.framework; name = UIKit.framework; path = System/Library/Frameworks/UIKit.framework; sourceTree = SDKROOT; };
		E137D18217CAF03D0001A6CF /* Foundation.framework */ = {isa = PBXFileReference; lastKnownFileType = wrapper.framework; name = Foundation.framework; path = System/Library/Frameworks/Foundation.framework; sourceTree = SDKROOT; };
		E137D18417CAF03D0001A6CF /* CoreGraphics.framework */ = {isa = PBXFileReference; lastKnownFileType = wrapper.framework; name = CoreGraphics.framework; path = System/Library/Frameworks/CoreGraphics.framework; sourceTree = SDKROOT; };
		E137D18817CAF03D0001A6CF /* Device Details-Info.plist */ = {isa = PBXFileReference; lastKnownFileType = text.plist.xml; path = "Device Details-Info.plist"; sourceTree = "<group>"; };
		E137D18A17CAF03D0001A6CF /* en */ = {isa = PBXFileReference; lastKnownFileType = text.plist.strings; name = en; path = en.lproj/InfoPlist.strings; sourceTree = "<group>"; };
		E137D18C17CAF03D0001A6CF /* main.m */ = {isa = PBXFileReference; lastKnownFileType = sourcecode.c.objc; path = main.m; sourceTree = "<group>"; };
		E137D18E17CAF03D0001A6CF /* Device Details-Prefix.pch */ = {isa = PBXFileReference; lastKnownFileType = sourcecode.c.h; path = "Device Details-Prefix.pch"; sourceTree = "<group>"; };
		E137D18F17CAF03D0001A6CF /* DDAppDelegate.h */ = {isa = PBXFileReference; lastKnownFileType = sourcecode.c.h; path = DDAppDelegate.h; sourceTree = "<group>"; };
		E137D19017CAF03D0001A6CF /* DDAppDelegate.m */ = {isa = PBXFileReference; lastKnownFileType = sourcecode.c.objc; path = DDAppDelegate.m; sourceTree = "<group>"; };
		E137D19217CAF03D0001A6CF /* Default.png */ = {isa = PBXFileReference; lastKnownFileType = image.png; path = Default.png; sourceTree = "<group>"; };
		E137D19417CAF03D0001A6CF /* Default@2x.png */ = {isa = PBXFileReference; lastKnownFileType = image.png; path = "Default@2x.png"; sourceTree = "<group>"; };
		E137D19617CAF03D0001A6CF /* Default-568h@2x.png */ = {isa = PBXFileReference; lastKnownFileType = image.png; path = "Default-568h@2x.png"; sourceTree = "<group>"; };
		E137D19917CAF03D0001A6CF /* en */ = {isa = PBXFileReference; lastKnownFileType = file.storyboard; name = en; path = en.lproj/MainStoryboard.storyboard; sourceTree = "<group>"; };
		E137D19B17CAF03D0001A6CF /* DDViewController.h */ = {isa = PBXFileReference; lastKnownFileType = sourcecode.c.h; path = DDViewController.h; sourceTree = "<group>"; };
		E137D19C17CAF03D0001A6CF /* DDViewController.m */ = {isa = PBXFileReference; lastKnownFileType = sourcecode.c.objc; path = DDViewController.m; sourceTree = "<group>"; };
		E137D1A317CAF03D0001A6CF /* Device DetailsTests.octest */ = {isa = PBXFileReference; explicitFileType = wrapper.cfbundle; includeInIndex = 0; path = "Device DetailsTests.octest"; sourceTree = BUILT_PRODUCTS_DIR; };
		E137D1A417CAF03D0001A6CF /* SenTestingKit.framework */ = {isa = PBXFileReference; lastKnownFileType = wrapper.framework; name = SenTestingKit.framework; path = Library/Frameworks/SenTestingKit.framework; sourceTree = DEVELOPER_DIR; };
		E137D1AC17CAF03D0001A6CF /* Device DetailsTests-Info.plist */ = {isa = PBXFileReference; lastKnownFileType = text.plist.xml; path = "Device DetailsTests-Info.plist"; sourceTree = "<group>"; };
		E137D1AE17CAF03D0001A6CF /* en */ = {isa = PBXFileReference; lastKnownFileType = text.plist.strings; name = en; path = en.lproj/InfoPlist.strings; sourceTree = "<group>"; };
		E137D1B017CAF03D0001A6CF /* Device_DetailsTests.h */ = {isa = PBXFileReference; lastKnownFileType = sourcecode.c.h; path = Device_DetailsTests.h; sourceTree = "<group>"; };
		E137D1B117CAF03D0001A6CF /* Device_DetailsTests.m */ = {isa = PBXFileReference; lastKnownFileType = sourcecode.c.objc; path = Device_DetailsTests.m; sourceTree = "<group>"; };
		E137D1BB17CAFF770001A6CF /* SystemConfiguration.framework */ = {isa = PBXFileReference; lastKnownFileType = wrapper.framework; name = SystemConfiguration.framework; path = System/Library/Frameworks/SystemConfiguration.framework; sourceTree = SDKROOT; };
		E137D1F717CB00D10001A6CF /* Reachability.h */ = {isa = PBXFileReference; fileEncoding = 4; lastKnownFileType = sourcecode.c.h; path = Reachability.h; sourceTree = "<group>"; };
		E137D1F817CB00D10001A6CF /* Reachability.m */ = {isa = PBXFileReference; fileEncoding = 4; lastKnownFileType = sourcecode.c.objc; path = Reachability.m; sourceTree = "<group>"; };
		E137D1FA17CD9E4B0001A6CF /* Icon.png */ = {isa = PBXFileReference; lastKnownFileType = image.png; path = Icon.png; sourceTree = "<group>"; };
		E137D1FC17CD9E530001A6CF /* Icon@2x.png */ = {isa = PBXFileReference; lastKnownFileType = image.png; path = "Icon@2x.png"; sourceTree = "<group>"; };
		E137D1FE17CDB49E0001A6CF /* CoreLocation.framework */ = {isa = PBXFileReference; lastKnownFileType = wrapper.framework; name = CoreLocation.framework; path = System/Library/Frameworks/CoreLocation.framework; sourceTree = SDKROOT; };
		E1B9F8F117D470EC0089CE9D /* MapKit.framework */ = {isa = PBXFileReference; lastKnownFileType = wrapper.framework; name = MapKit.framework; path = System/Library/Frameworks/MapKit.framework; sourceTree = SDKROOT; };
		E1D1D26B1835AA130007E301 /* BBDecibelMeter.h */ = {isa = PBXFileReference; fileEncoding = 4; lastKnownFileType = sourcecode.c.h; path = BBDecibelMeter.h; sourceTree = "<group>"; };
		E1D1D26C1835AA130007E301 /* BBDecibelMeter.m */ = {isa = PBXFileReference; fileEncoding = 4; lastKnownFileType = sourcecode.c.objc; path = BBDecibelMeter.m; sourceTree = "<group>"; };
		E1D1D26D1835AA130007E301 /* F3BarGauge.h */ = {isa = PBXFileReference; fileEncoding = 4; lastKnownFileType = sourcecode.c.h; path = F3BarGauge.h; sourceTree = "<group>"; };
		E1D1D26E1835AA130007E301 /* F3BarGauge.m */ = {isa = PBXFileReference; fileEncoding = 4; lastKnownFileType = sourcecode.c.objc; path = F3BarGauge.m; sourceTree = "<group>"; };
		E1D1D2711835AA650007E301 /* AVFoundation.framework */ = {isa = PBXFileReference; lastKnownFileType = wrapper.framework; name = AVFoundation.framework; path = System/Library/Frameworks/AVFoundation.framework; sourceTree = SDKROOT; };
/* End PBXFileReference section */

/* Begin PBXFrameworksBuildPhase section */
		E137D17A17CAF03D0001A6CF /* Frameworks */ = {
			isa = PBXFrameworksBuildPhase;
			buildActionMask = 2147483647;
			files = (
				49C851B018797D5E009544D5 /* GLKit.framework in Frameworks */,
				49C851AF18796E24009544D5 /* Accelerate.framework in Frameworks */,
				49CE10E718766DE20020031C /* Foundation.framework in Frameworks */,
				49CE10B3187665860020031C /* AudioToolbox.framework in Frameworks */,
				499997621874F38E00D3A605 /* iAd.framework in Frameworks */,
				E1D1D2721835AA650007E301 /* AVFoundation.framework in Frameworks */,
				E1B9F8F217D470EC0089CE9D /* MapKit.framework in Frameworks */,
				49852AF417CE2A4F0086089A /* CoreMotion.framework in Frameworks */,
				E137D1FF17CDB49E0001A6CF /* CoreLocation.framework in Frameworks */,
				E137D1BC17CAFF770001A6CF /* SystemConfiguration.framework in Frameworks */,
				E137D18117CAF03D0001A6CF /* UIKit.framework in Frameworks */,
				E137D18517CAF03D0001A6CF /* CoreGraphics.framework in Frameworks */,
			);
			runOnlyForDeploymentPostprocessing = 0;
		};
		E137D19F17CAF03D0001A6CF /* Frameworks */ = {
			isa = PBXFrameworksBuildPhase;
			buildActionMask = 2147483647;
			files = (
				E137D1A717CAF03D0001A6CF /* Foundation.framework in Frameworks */,
				49CE10EB187673530020031C /* GLKit.framework in Frameworks */,
				49CE10EA1876734B0020031C /* AudioToolbox.framework in Frameworks */,
				49CE10B4187668B00020031C /* XCTest.framework in Frameworks */,
				E137D1A517CAF03D0001A6CF /* SenTestingKit.framework in Frameworks */,
				E137D1A617CAF03D0001A6CF /* UIKit.framework in Frameworks */,
			);
			runOnlyForDeploymentPostprocessing = 0;
		};
/* End PBXFrameworksBuildPhase section */

/* Begin PBXGroup section */
		49CE10C018766A6E0020031C /* EZAudio */ = {
			isa = PBXGroup;
			children = (
				49CE10C118766A6E0020031C /* AEFloatConverter.h */,
				49CE10C218766A6E0020031C /* AEFloatConverter.m */,
				49CE10C318766A6E0020031C /* EZAudio.h */,
				49CE10C418766A6F0020031C /* EZAudio.m */,
				49CE10C518766A6F0020031C /* EZAudioFile.h */,
				49CE10C618766A6F0020031C /* EZAudioFile.m */,
				49CE10C718766A6F0020031C /* EZAudioPlot.h */,
				49CE10C818766A6F0020031C /* EZAudioPlot.m */,
				49CE10C918766A6F0020031C /* EZAudioPlotGL.h */,
				49CE10CA18766A6F0020031C /* EZAudioPlotGL.m */,
				49CE10CB18766A6F0020031C /* EZAudioPlotGLKViewController.h */,
				49CE10CC18766A6F0020031C /* EZAudioPlotGLKViewController.m */,
				49CE10CD18766A6F0020031C /* EZMicrophone.h */,
				49CE10CE18766A6F0020031C /* EZMicrophone.m */,
				49CE10CF18766A6F0020031C /* EZOutput.h */,
				49CE10D018766A6F0020031C /* EZOutput.m */,
				49CE10D118766A6F0020031C /* EZPlot.h */,
				49CE10D218766A6F0020031C /* EZPlot.m */,
				49CE10D318766A6F0020031C /* EZRecorder.h */,
				49CE10D418766A6F0020031C /* EZRecorder.m */,
				49CE10D518766A6F0020031C /* TPCircularBuffer.c */,
				49CE10D618766A6F0020031C /* TPCircularBuffer.h */,
				49CE10D718766A6F0020031C /* VERSION */,
			);
			path = EZAudio;
			sourceTree = "<group>";
		};
		49CE10D718766A6F0020031C /* VERSION */ = {
			isa = PBXGroup;
			children = (
				49CE10D818766A6F0020031C /* CHANGELOG */,
				49CE10D918766A6F0020031C /* VERSION */,
			);
			path = VERSION;
			sourceTree = "<group>";
		};
		E137D17417CAF03D0001A6CF = {
			isa = PBXGroup;
			children = (
				4912672C187CF215001F66A5 /* Images.xcassets */,
				E137D1FC17CD9E530001A6CF /* Icon@2x.png */,
				4912672E187CF4F4001F66A5 /* iPad 29.png */,
				4912672F187CF4F4001F66A5 /* iPad 29@2x.png */,
				49126730187CF4F4001F66A5 /* iPad 40.png */,
				49126731187CF4F4001F66A5 /* iPad 40@2x.png */,
				49126732187CF4F4001F66A5 /* iPad 76.png */,
				49126733187CF4F4001F66A5 /* iPad 76@2x.png */,
				49126734187CF4F4001F66A5 /* iPhone 29@2x.png */,
				49126735187CF4F4001F66A5 /* iPhone 40@2x.png */,
				49126736187CF4F4001F66A5 /* iPhone 60@2x.png */,
				E137D1FA17CD9E4B0001A6CF /* Icon.png */,
				E137D18617CAF03D0001A6CF /* Device Details */,
				E137D1AA17CAF03D0001A6CF /* Device DetailsTests */,
				E137D17F17CAF03D0001A6CF /* Frameworks */,
				E137D17E17CAF03D0001A6CF /* Products */,
			);
			sourceTree = "<group>";
		};
		E137D17E17CAF03D0001A6CF /* Products */ = {
			isa = PBXGroup;
			children = (
				E137D17D17CAF03D0001A6CF /* details.app */,
				E137D1A317CAF03D0001A6CF /* Device DetailsTests.octest */,
			);
			name = Products;
			sourceTree = "<group>";
		};
		E137D17F17CAF03D0001A6CF /* Frameworks */ = {
			isa = PBXGroup;
			children = (
				49C851B118797D84009544D5 /* libgll.dylib */,
				49CE10E818766DEE0020031C /* CoreFoundation.framework */,
				49CE10B2187665860020031C /* AudioToolbox.framework */,
				49CE10B0187665740020031C /* GLKit.framework */,
				49CE10AD1876565F0020031C /* XCTest.framework */,
				49CE10841876320A0020031C /* Accelerate.framework */,
				499997611874F38D00D3A605 /* iAd.framework */,
				E1D1D2711835AA650007E301 /* AVFoundation.framework */,
				E1B9F8F117D470EC0089CE9D /* MapKit.framework */,
				49852AF317CE2A4F0086089A /* CoreMotion.framework */,
				E137D1FE17CDB49E0001A6CF /* CoreLocation.framework */,
				E137D1BB17CAFF770001A6CF /* SystemConfiguration.framework */,
				E137D18017CAF03D0001A6CF /* UIKit.framework */,
				E137D18217CAF03D0001A6CF /* Foundation.framework */,
				E137D18417CAF03D0001A6CF /* CoreGraphics.framework */,
				E137D1A417CAF03D0001A6CF /* SenTestingKit.framework */,
			);
			name = Frameworks;
			sourceTree = "<group>";
		};
		E137D18617CAF03D0001A6CF /* Device Details */ = {
			isa = PBXGroup;
			children = (
				49126741187D7CC4001F66A5 /* Settings.bundle */,
				E1D1D2691835A9B50007E301 /* Third Party Tools */,
				E137D19817CAF03D0001A6CF /* MainStoryboard.storyboard */,
				499997631874F92900D3A605 /* DDMainViewController.h */,
				499997641874F92900D3A605 /* DDMainViewController.m */,
				E137D1F717CB00D10001A6CF /* Reachability.h */,
				E137D1F817CB00D10001A6CF /* Reachability.m */,
				E137D18F17CAF03D0001A6CF /* DDAppDelegate.h */,
				E137D19017CAF03D0001A6CF /* DDAppDelegate.m */,
				E137D19B17CAF03D0001A6CF /* DDViewController.h */,
				E137D19C17CAF03D0001A6CF /* DDViewController.m */,
				49CE10EC187676BB0020031C /* DDAudioPlotViewController.h */,
				49CE10ED187676BB0020031C /* DDAudioPlotViewController.m */,
				E137D18717CAF03D0001A6CF /* Supporting Files */,
			);
			path = "Device Details";
			sourceTree = "<group>";
		};
		E137D18717CAF03D0001A6CF /* Supporting Files */ = {
			isa = PBXGroup;
			children = (
				E137D18817CAF03D0001A6CF /* Device Details-Info.plist */,
				E137D18917CAF03D0001A6CF /* InfoPlist.strings */,
				E137D18C17CAF03D0001A6CF /* main.m */,
				E137D18E17CAF03D0001A6CF /* Device Details-Prefix.pch */,
				E137D19217CAF03D0001A6CF /* Default.png */,
				E137D19417CAF03D0001A6CF /* Default@2x.png */,
				E137D19617CAF03D0001A6CF /* Default-568h@2x.png */,
			);
			name = "Supporting Files";
			sourceTree = "<group>";
		};
		E137D1AA17CAF03D0001A6CF /* Device DetailsTests */ = {
			isa = PBXGroup;
			children = (
				E137D1B017CAF03D0001A6CF /* Device_DetailsTests.h */,
				E137D1B117CAF03D0001A6CF /* Device_DetailsTests.m */,
				E137D1AB17CAF03D0001A6CF /* Supporting Files */,
			);
			path = "Device DetailsTests";
			sourceTree = "<group>";
		};
		E137D1AB17CAF03D0001A6CF /* Supporting Files */ = {
			isa = PBXGroup;
			children = (
				E137D1AC17CAF03D0001A6CF /* Device DetailsTests-Info.plist */,
				E137D1AD17CAF03D0001A6CF /* InfoPlist.strings */,
			);
			name = "Supporting Files";
			sourceTree = "<group>";
		};
		E1D1D2691835A9B50007E301 /* Third Party Tools */ = {
			isa = PBXGroup;
			children = (
				49CE10C018766A6E0020031C /* EZAudio */,
				E1D1D26A1835A9DA0007E301 /* Decibel Meter */,
			);
			name = "Third Party Tools";
			sourceTree = "<group>";
		};
		E1D1D26A1835A9DA0007E301 /* Decibel Meter */ = {
			isa = PBXGroup;
			children = (
				E1D1D26B1835AA130007E301 /* BBDecibelMeter.h */,
				E1D1D26C1835AA130007E301 /* BBDecibelMeter.m */,
				E1D1D26D1835AA130007E301 /* F3BarGauge.h */,
				E1D1D26E1835AA130007E301 /* F3BarGauge.m */,
			);
			name = "Decibel Meter";
			sourceTree = "<group>";
		};
/* End PBXGroup section */

/* Begin PBXNativeTarget section */
		E137D17C17CAF03D0001A6CF /* Details */ = {
			isa = PBXNativeTarget;
			buildConfigurationList = E137D1B517CAF03D0001A6CF /* Build configuration list for PBXNativeTarget "Details" */;
			buildPhases = (
				E137D17917CAF03D0001A6CF /* Sources */,
				E137D17A17CAF03D0001A6CF /* Frameworks */,
				E137D17B17CAF03D0001A6CF /* Resources */,
			);
			buildRules = (
			);
			dependencies = (
			);
			name = Details;
			productName = "Device Details";
			productReference = E137D17D17CAF03D0001A6CF /* details.app */;
			productType = "com.apple.product-type.application";
		};
		E137D1A217CAF03D0001A6CF /* Device DetailsTests */ = {
			isa = PBXNativeTarget;
			buildConfigurationList = E137D1B817CAF03D0001A6CF /* Build configuration list for PBXNativeTarget "Device DetailsTests" */;
			buildPhases = (
				E137D19E17CAF03D0001A6CF /* Sources */,
				E137D19F17CAF03D0001A6CF /* Frameworks */,
				E137D1A017CAF03D0001A6CF /* Resources */,
				E137D1A117CAF03D0001A6CF /* ShellScript */,
			);
			buildRules = (
			);
			dependencies = (
				E137D1A917CAF03D0001A6CF /* PBXTargetDependency */,
			);
			name = "Device DetailsTests";
			productName = "Device DetailsTests";
			productReference = E137D1A317CAF03D0001A6CF /* Device DetailsTests.octest */;
			productType = "com.apple.product-type.bundle";
		};
/* End PBXNativeTarget section */

/* Begin PBXProject section */
		E137D17517CAF03D0001A6CF /* Project object */ = {
			isa = PBXProject;
			attributes = {
				CLASSPREFIX = DD;
				LastUpgradeCheck = 0460;
				ORGANIZATIONNAME = "Robert Yi Jiang";
				TargetAttributes = {
					E137D17C17CAF03D0001A6CF = {
						DevelopmentTeam = DQK83PW4RV;
					};
				};
			};
			buildConfigurationList = E137D17817CAF03D0001A6CF /* Build configuration list for PBXProject "Device Details" */;
			compatibilityVersion = "Xcode 3.2";
			developmentRegion = English;
			hasScannedForEncodings = 0;
			knownRegions = (
				en,
				Base,
			);
			mainGroup = E137D17417CAF03D0001A6CF;
			productRefGroup = E137D17E17CAF03D0001A6CF /* Products */;
			projectDirPath = "";
			projectRoot = "";
			targets = (
				E137D17C17CAF03D0001A6CF /* Details */,
				E137D1A217CAF03D0001A6CF /* Device DetailsTests */,
			);
		};
/* End PBXProject section */

/* Begin PBXResourcesBuildPhase section */
		E137D17B17CAF03D0001A6CF /* Resources */ = {
			isa = PBXResourcesBuildPhase;
			buildActionMask = 2147483647;
			files = (
				E137D18B17CAF03D0001A6CF /* InfoPlist.strings in Resources */,
				49CE10E518766A6F0020031C /* CHANGELOG in Resources */,
				E137D19317CAF03D0001A6CF /* Default.png in Resources */,
				49CE10E618766A6F0020031C /* VERSION in Resources */,
				E137D19517CAF03D0001A6CF /* Default@2x.png in Resources */,
				E137D19717CAF03D0001A6CF /* Default-568h@2x.png in Resources */,
				4912673F187CF4F4001F66A5 /* iPhone 60@2x.png in Resources */,
				4912673D187CF4F4001F66A5 /* iPhone 29@2x.png in Resources */,
				49126737187CF4F4001F66A5 /* iPad 29.png in Resources */,
				E137D19A17CAF03D0001A6CF /* MainStoryboard.storyboard in Resources */,
				E137D1FB17CD9E4B0001A6CF /* Icon.png in Resources */,
				4912673A187CF4F4001F66A5 /* iPad 40@2x.png in Resources */,
				4912673C187CF4F4001F66A5 /* iPad 76@2x.png in Resources */,
				4912673B187CF4F4001F66A5 /* iPad 76.png in Resources */,
				49126739187CF4F4001F66A5 /* iPad 40.png in Resources */,
				49126742187D7CC4001F66A5 /* Settings.bundle in Resources */,
				E137D1FD17CD9E530001A6CF /* Icon@2x.png in Resources */,
			);
			runOnlyForDeploymentPostprocessing = 0;
		};
		E137D1A017CAF03D0001A6CF /* Resources */ = {
			isa = PBXResourcesBuildPhase;
			buildActionMask = 2147483647;
			files = (
				E137D1AF17CAF03D0001A6CF /* InfoPlist.strings in Resources */,
			);
			runOnlyForDeploymentPostprocessing = 0;
		};
/* End PBXResourcesBuildPhase section */

/* Begin PBXShellScriptBuildPhase section */
		E137D1A117CAF03D0001A6CF /* ShellScript */ = {
			isa = PBXShellScriptBuildPhase;
			buildActionMask = 2147483647;
			files = (
			);
			inputPaths = (
			);
			outputPaths = (
			);
			runOnlyForDeploymentPostprocessing = 0;
			shellPath = /bin/sh;
			shellScript = "# Run the unit tests in this test bundle.\n\"${SYSTEM_DEVELOPER_DIR}/Tools/RunUnitTests\"\n";
		};
/* End PBXShellScriptBuildPhase section */

/* Begin PBXSourcesBuildPhase section */
		E137D17917CAF03D0001A6CF /* Sources */ = {
			isa = PBXSourcesBuildPhase;
			buildActionMask = 2147483647;
			files = (
				499997651874F92900D3A605 /* DDMainViewController.m in Sources */,
				49CE10E218766A6F0020031C /* EZPlot.m in Sources */,
				49CE10DA18766A6F0020031C /* AEFloatConverter.m in Sources */,
				E1D1D2701835AA130007E301 /* F3BarGauge.m in Sources */,
				49CE10DB18766A6F0020031C /* EZAudio.m in Sources */,
				49CE10EE187676BB0020031C /* DDAudioPlotViewController.m in Sources */,
				49CE10E018766A6F0020031C /* EZMicrophone.m in Sources */,
				49CE10E418766A6F0020031C /* TPCircularBuffer.c in Sources */,
				E137D18D17CAF03D0001A6CF /* main.m in Sources */,
				49CE10DE18766A6F0020031C /* EZAudioPlotGL.m in Sources */,
				49CE10DD18766A6F0020031C /* EZAudioPlot.m in Sources */,
				E137D19117CAF03D0001A6CF /* DDAppDelegate.m in Sources */,
				E137D19D17CAF03D0001A6CF /* DDViewController.m in Sources */,
				49CE10E318766A6F0020031C /* EZRecorder.m in Sources */,
				49CE10DC18766A6F0020031C /* EZAudioFile.m in Sources */,
				E1D1D26F1835AA130007E301 /* BBDecibelMeter.m in Sources */,
				E137D1F917CB00D10001A6CF /* Reachability.m in Sources */,
				49CE10E118766A6F0020031C /* EZOutput.m in Sources */,
				49CE10DF18766A6F0020031C /* EZAudioPlotGLKViewController.m in Sources */,
			);
			runOnlyForDeploymentPostprocessing = 0;
		};
		E137D19E17CAF03D0001A6CF /* Sources */ = {
			isa = PBXSourcesBuildPhase;
			buildActionMask = 2147483647;
			files = (
				E137D1B217CAF03D0001A6CF /* Device_DetailsTests.m in Sources */,
			);
			runOnlyForDeploymentPostprocessing = 0;
		};
/* End PBXSourcesBuildPhase section */

/* Begin PBXTargetDependency section */
		E137D1A917CAF03D0001A6CF /* PBXTargetDependency */ = {
			isa = PBXTargetDependency;
			target = E137D17C17CAF03D0001A6CF /* Details */;
			targetProxy = E137D1A817CAF03D0001A6CF /* PBXContainerItemProxy */;
		};
/* End PBXTargetDependency section */

/* Begin PBXVariantGroup section */
		E137D18917CAF03D0001A6CF /* InfoPlist.strings */ = {
			isa = PBXVariantGroup;
			children = (
				E137D18A17CAF03D0001A6CF /* en */,
			);
			name = InfoPlist.strings;
			sourceTree = "<group>";
		};
		E137D19817CAF03D0001A6CF /* MainStoryboard.storyboard */ = {
			isa = PBXVariantGroup;
			children = (
				E137D19917CAF03D0001A6CF /* en */,
			);
			name = MainStoryboard.storyboard;
			sourceTree = "<group>";
		};
		E137D1AD17CAF03D0001A6CF /* InfoPlist.strings */ = {
			isa = PBXVariantGroup;
			children = (
				E137D1AE17CAF03D0001A6CF /* en */,
			);
			name = InfoPlist.strings;
			sourceTree = "<group>";
		};
/* End PBXVariantGroup section */

/* Begin XCBuildConfiguration section */
		E137D1B317CAF03D0001A6CF /* Debug */ = {
			isa = XCBuildConfiguration;
			buildSettings = {
				ALWAYS_SEARCH_USER_PATHS = NO;
				ARCHS = "$(ARCHS_STANDARD)";
				CLANG_CXX_LANGUAGE_STANDARD = "gnu++0x";
				CLANG_CXX_LIBRARY = "libc++";
				CLANG_ENABLE_OBJC_ARC = YES;
				CLANG_WARN_CONSTANT_CONVERSION = YES;
				CLANG_WARN_EMPTY_BODY = YES;
				CLANG_WARN_ENUM_CONVERSION = YES;
				CLANG_WARN_INT_CONVERSION = YES;
				CLANG_WARN__DUPLICATE_METHOD_MATCH = YES;
				CODE_SIGN_IDENTITY = "iPhone Distribution: Yi JIANG (DQK83PW4RV)";
				"CODE_SIGN_IDENTITY[sdk=iphoneos*]" = "iPhone Distribution: Yi JIANG (DQK83PW4RV)";
				COPY_PHASE_STRIP = NO;
				GCC_C_LANGUAGE_STANDARD = gnu99;
				GCC_DYNAMIC_NO_PIC = NO;
				GCC_OPTIMIZATION_LEVEL = 0;
				GCC_PREPROCESSOR_DEFINITIONS = (
					"DEBUG=1",
					"$(inherited)",
				);
				GCC_SYMBOLS_PRIVATE_EXTERN = NO;
				GCC_WARN_ABOUT_RETURN_TYPE = YES;
				GCC_WARN_UNINITIALIZED_AUTOS = YES;
				GCC_WARN_UNUSED_VARIABLE = YES;
				IPHONEOS_DEPLOYMENT_TARGET = 6.1;
				ONLY_ACTIVE_ARCH = YES;
				PROVISIONING_PROFILE = "A7B33338-8461-44AA-AA3F-6CB9EF27A785";
				SDKROOT = iphoneos;
			};
			name = Debug;
		};
		E137D1B417CAF03D0001A6CF /* Release */ = {
			isa = XCBuildConfiguration;
			buildSettings = {
				ALWAYS_SEARCH_USER_PATHS = NO;
				ARCHS = "$(ARCHS_STANDARD)";
				CLANG_CXX_LANGUAGE_STANDARD = "gnu++0x";
				CLANG_CXX_LIBRARY = "libc++";
				CLANG_ENABLE_OBJC_ARC = YES;
				CLANG_WARN_CONSTANT_CONVERSION = YES;
				CLANG_WARN_EMPTY_BODY = YES;
				CLANG_WARN_ENUM_CONVERSION = YES;
				CLANG_WARN_INT_CONVERSION = YES;
				CLANG_WARN__DUPLICATE_METHOD_MATCH = YES;
				CODE_SIGN_IDENTITY = "iPhone Distribution: Yi JIANG (DQK83PW4RV)";
				"CODE_SIGN_IDENTITY[sdk=iphoneos*]" = "iPhone Distribution: Yi JIANG (DQK83PW4RV)";

				COPY_PHASE_STRIP = YES;
				GCC_C_LANGUAGE_STANDARD = gnu99;
				GCC_WARN_ABOUT_RETURN_TYPE = YES;
				GCC_WARN_UNINITIALIZED_AUTOS = YES;
				GCC_WARN_UNUSED_VARIABLE = YES;
				IPHONEOS_DEPLOYMENT_TARGET = 6.1;
				ONLY_ACTIVE_ARCH = NO;
				OTHER_CFLAGS = "-DNS_BLOCK_ASSERTIONS=1";
				PROVISIONING_PROFILE = "A7B33338-8461-44AA-AA3F-6CB9EF27A785";
				SDKROOT = iphoneos;
				VALIDATE_PRODUCT = YES;
			};
			name = Release;
		};
		E137D1B617CAF03D0001A6CF /* Debug */ = {
			isa = XCBuildConfiguration;
			buildSettings = {
				ASSETCATALOG_COMPILER_APPICON_NAME = AppIcon;
				ASSETCATALOG_COMPILER_LAUNCHIMAGE_NAME = LaunchImage;
				CODE_SIGN_IDENTITY = "iPhone Distribution: Yi JIANG (DQK83PW4RV)";
				"CODE_SIGN_IDENTITY[sdk=iphoneos*]" = "iPhone Distribution: Yi JIANG (DQK83PW4RV)";
				GCC_PRECOMPILE_PREFIX_HEADER = YES;
				GCC_PREFIX_HEADER = "Device Details/Device Details-Prefix.pch";
				INFOPLIST_FILE = "Device Details/Device Details-Info.plist";
				IPHONEOS_DEPLOYMENT_TARGET = 7.0;
				PRODUCT_NAME = "$(TARGET_NAME)";
				PROVISIONING_PROFILE = "A7B33338-8461-44AA-AA3F-6CB9EF27A785";
				TARGETED_DEVICE_FAMILY = 1;
				WRAPPER_EXTENSION = app;
			};
			name = Debug;
		};
		E137D1B717CAF03D0001A6CF /* Release */ = {
			isa = XCBuildConfiguration;
			buildSettings = {
				ASSETCATALOG_COMPILER_APPICON_NAME = AppIcon;
				ASSETCATALOG_COMPILER_LAUNCHIMAGE_NAME = LaunchImage;
				CODE_SIGN_IDENTITY = "iPhone Distribution: Yi JIANG (DQK83PW4RV)";
				"CODE_SIGN_IDENTITY[sdk=iphoneos*]" = "iPhone Distribution: Yi JIANG (DQK83PW4RV)";
				GCC_PRECOMPILE_PREFIX_HEADER = YES;
				GCC_PREFIX_HEADER = "Device Details/Device Details-Prefix.pch";
				INFOPLIST_FILE = "Device Details/Device Details-Info.plist";
				IPHONEOS_DEPLOYMENT_TARGET = 7.0;
				PRODUCT_NAME = "$(TARGET_NAME)";
				PROVISIONING_PROFILE = "A7B33338-8461-44AA-AA3F-6CB9EF27A785";
				TARGETED_DEVICE_FAMILY = 1;
				WRAPPER_EXTENSION = app;
			};
			name = Release;
		};
		E137D1B917CAF03D0001A6CF /* Debug */ = {
			isa = XCBuildConfiguration;
			buildSettings = {
				BUNDLE_LOADER = "$(BUILT_PRODUCTS_DIR)/Device Details.app/Device Details";
				FRAMEWORK_SEARCH_PATHS = (
					"\\\"$(SDKROOT)/Developer/Library/Frameworks\\\"",
					"\\\"$(DEVELOPER_LIBRARY_DIR)/Frameworks\\\"",
					"$(DEVELOPER_FRAMEWORKS_DIR)",
				);
				GCC_PRECOMPILE_PREFIX_HEADER = YES;
				GCC_PREFIX_HEADER = "Device Details/Device Details-Prefix.pch";
				INFOPLIST_FILE = "Device DetailsTests/Device DetailsTests-Info.plist";
				PRODUCT_NAME = "$(TARGET_NAME)";
				TEST_HOST = "$(BUNDLE_LOADER)";
				WRAPPER_EXTENSION = octest;
			};
			name = Debug;
		};
		E137D1BA17CAF03D0001A6CF /* Release */ = {
			isa = XCBuildConfiguration;
			buildSettings = {
				BUNDLE_LOADER = "$(BUILT_PRODUCTS_DIR)/Device Details.app/Device Details";
				FRAMEWORK_SEARCH_PATHS = (
					"\\\"$(SDKROOT)/Developer/Library/Frameworks\\\"",
					"\\\"$(DEVELOPER_LIBRARY_DIR)/Frameworks\\\"",
					"$(DEVELOPER_FRAMEWORKS_DIR)",
				);
				GCC_PRECOMPILE_PREFIX_HEADER = YES;
				GCC_PREFIX_HEADER = "Device Details/Device Details-Prefix.pch";
				INFOPLIST_FILE = "Device DetailsTests/Device DetailsTests-Info.plist";
				PRODUCT_NAME = "$(TARGET_NAME)";
				TEST_HOST = "$(BUNDLE_LOADER)";
				WRAPPER_EXTENSION = octest;
			};
			name = Release;
		};
/* End XCBuildConfiguration section */

/* Begin XCConfigurationList section */
		E137D17817CAF03D0001A6CF /* Build configuration list for PBXProject "Device Details" */ = {
			isa = XCConfigurationList;
			buildConfigurations = (
				E137D1B317CAF03D0001A6CF /* Debug */,
				E137D1B417CAF03D0001A6CF /* Release */,
			);
			defaultConfigurationIsVisible = 0;
			defaultConfigurationName = Release;
		};
		E137D1B517CAF03D0001A6CF /* Build configuration list for PBXNativeTarget "Details" */ = {
			isa = XCConfigurationList;
			buildConfigurations = (
				E137D1B617CAF03D0001A6CF /* Debug */,
				E137D1B717CAF03D0001A6CF /* Release */,
			);
			defaultConfigurationIsVisible = 0;
			defaultConfigurationName = Release;
		};
		E137D1B817CAF03D0001A6CF /* Build configuration list for PBXNativeTarget "Device DetailsTests" */ = {
			isa = XCConfigurationList;
			buildConfigurations = (
				E137D1B917CAF03D0001A6CF /* Debug */,
				E137D1BA17CAF03D0001A6CF /* Release */,
			);
			defaultConfigurationIsVisible = 0;
			defaultConfigurationName = Release;
		};
/* End XCConfigurationList section */
	};
	rootObject = E137D17517CAF03D0001A6CF /* Project object */;
}
